// !$*UTF8*$!
{
	archiveVersion = 1;
	classes = {
	};
	objectVersion = 50;
	objects = {

/* Begin PBXBuildFile section */
		DF02714B26833B0000676E9A /* libssl.a in Frameworks */ = {isa = PBXBuildFile; fileRef = DF02714A26833ADC00676E9A /* libssl.a */; };
		DF02714D26833B1200676E9A /* libcrypto.a in Frameworks */ = {isa = PBXBuildFile; fileRef = DF02714C26833B0000676E9A /* libcrypto.a */; };
		DF02714F26833B3E00676E9A /* libcurl.a in Frameworks */ = {isa = PBXBuildFile; fileRef = DF02714E26833B2700676E9A /* libcurl.a */; };
		DF02720C26833CB500676E9A /* exploitability_linux.cc in Sources */ = {isa = PBXBuildFile; fileRef = DF02715C26833CB500676E9A /* exploitability_linux.cc */; };
		DF02720D26833CB500676E9A /* cfi_frame_info.cc in Sources */ = {isa = PBXBuildFile; fileRef = DF02716026833CB500676E9A /* cfi_frame_info.cc */; };
		DF02720E26833CB500676E9A /* dump_object.cc in Sources */ = {isa = PBXBuildFile; fileRef = DF02716326833CB500676E9A /* dump_object.cc */; };
		DF02720F26833CB500676E9A /* minidump.cc in Sources */ = {isa = PBXBuildFile; fileRef = DF02716426833CB500676E9A /* minidump.cc */; };
		DF02721026833CB500676E9A /* tokenize.cc in Sources */ = {isa = PBXBuildFile; fileRef = DF02716726833CB500676E9A /* tokenize.cc */; };
		DF02721126833CB500676E9A /* disassembler_x86.cc in Sources */ = {isa = PBXBuildFile; fileRef = DF02716926833CB500676E9A /* disassembler_x86.cc */; };
		DF02721226833CB500676E9A /* dump_context.cc in Sources */ = {isa = PBXBuildFile; fileRef = DF02716A26833CB500676E9A /* dump_context.cc */; };
		DF02721326833CB500676E9A /* x86_format.c in Sources */ = {isa = PBXBuildFile; fileRef = DF02717426833CB500676E9A /* x86_format.c */; };
		DF02721426833CB500676E9A /* x86_misc.c in Sources */ = {isa = PBXBuildFile; fileRef = DF02717626833CB500676E9A /* x86_misc.c */; };
		DF02721526833CB500676E9A /* x86_disasm.c in Sources */ = {isa = PBXBuildFile; fileRef = DF02717C26833CB500676E9A /* x86_disasm.c */; };
		DF02721626833CB500676E9A /* ia32_modrm.c in Sources */ = {isa = PBXBuildFile; fileRef = DF02718026833CB500676E9A /* ia32_modrm.c */; };
		DF02721726833CB500676E9A /* ia32_operand.c in Sources */ = {isa = PBXBuildFile; fileRef = DF02718126833CB500676E9A /* ia32_operand.c */; };
		DF02721826833CB500676E9A /* x86_operand_list.c in Sources */ = {isa = PBXBuildFile; fileRef = DF02718226833CB500676E9A /* x86_operand_list.c */; };
		DF02721926833CB500676E9A /* ia32_insn.c in Sources */ = {isa = PBXBuildFile; fileRef = DF02718326833CB500676E9A /* ia32_insn.c */; };
		DF02721A26833CB500676E9A /* ia32_reg.c in Sources */ = {isa = PBXBuildFile; fileRef = DF02718426833CB500676E9A /* ia32_reg.c */; };
		DF02721B26833CB500676E9A /* ia32_implicit.c in Sources */ = {isa = PBXBuildFile; fileRef = DF02718526833CB500676E9A /* ia32_implicit.c */; };
		DF02721C26833CB500676E9A /* ia32_settings.c in Sources */ = {isa = PBXBuildFile; fileRef = DF02718726833CB500676E9A /* ia32_settings.c */; };
		DF02721D26833CB500676E9A /* ia32_opcode_tables.c in Sources */ = {isa = PBXBuildFile; fileRef = DF02718826833CB500676E9A /* ia32_opcode_tables.c */; };
		DF02721E26833CB500676E9A /* x86_imm.c in Sources */ = {isa = PBXBuildFile; fileRef = DF02718926833CB500676E9A /* x86_imm.c */; };
		DF02721F26833CB500676E9A /* ia32_invariant.c in Sources */ = {isa = PBXBuildFile; fileRef = DF02718A26833CB500676E9A /* ia32_invariant.c */; };
		DF02722026833CB500676E9A /* x86_insn.c in Sources */ = {isa = PBXBuildFile; fileRef = DF02718B26833CB500676E9A /* x86_insn.c */; };
		DF02722426833CB500676E9A /* sender_mac.cc in Sources */ = {isa = PBXBuildFile; fileRef = DF02719926833CB500676E9A /* sender_mac.cc */; };
		DF02722626833CB500676E9A /* process_state.cc in Sources */ = {isa = PBXBuildFile; fileRef = DF02719F26833CB500676E9A /* process_state.cc */; };
		DF02722726833CB500676E9A /* exploitability.cc in Sources */ = {isa = PBXBuildFile; fileRef = DF0271A026833CB500676E9A /* exploitability.cc */; };
		DF02722826833CB500676E9A /* simple_symbol_supplier.cc in Sources */ = {isa = PBXBuildFile; fileRef = DF0271A126833CB500676E9A /* simple_symbol_supplier.cc */; };
		DF02722926833CB500676E9A /* stack_frame_symbolizer.cc in Sources */ = {isa = PBXBuildFile; fileRef = DF0271A326833CB500676E9A /* stack_frame_symbolizer.cc */; };
		DF02722A26833CB500676E9A /* dump_helper.cc in Sources */ = {isa = PBXBuildFile; fileRef = DF0271AA26833CB500676E9A /* dump_helper.cc */; };
		DF02722B26833CB500676E9A /* exploitability_win.cc in Sources */ = {isa = PBXBuildFile; fileRef = DF0271AB26833CB500676E9A /* exploitability_win.cc */; };
		DF02722D26833CB500676E9A /* path_helper.cc in Sources */ = {isa = PBXBuildFile; fileRef = DF0271CE26833CB500676E9A /* path_helper.cc */; };
		DF02722E26833CB500676E9A /* logging.cc in Sources */ = {isa = PBXBuildFile; fileRef = DF0271E426833CB500676E9A /* logging.cc */; };
		DF02722F26833CB500676E9A /* convert_old_arm64_context.cc in Sources */ = {isa = PBXBuildFile; fileRef = DF0271E726833CB500676E9A /* convert_old_arm64_context.cc */; };
		DF02723026833CB500676E9A /* stack_frame_cpu.cc in Sources */ = {isa = PBXBuildFile; fileRef = DF0271E826833CB500676E9A /* stack_frame_cpu.cc */; };
		DF02723126833CB500676E9A /* minidump_processor.cc in Sources */ = {isa = PBXBuildFile; fileRef = DF0271E926833CB500676E9A /* minidump_processor.cc */; };
		DF02723226833CB500676E9A /* stackwalk_common.cc in Sources */ = {isa = PBXBuildFile; fileRef = DF0271EA26833CB500676E9A /* stackwalk_common.cc */; };
		DF02723326833CB500676E9A /* stackwalker_arm64.cc in Sources */ = {isa = PBXBuildFile; fileRef = DF0271ED26833CB500676E9A /* stackwalker_arm64.cc */; };
		DF02723426833CB500676E9A /* stackwalker_ppc64.cc in Sources */ = {isa = PBXBuildFile; fileRef = DF0271EF26833CB500676E9A /* stackwalker_ppc64.cc */; };
		DF02723526833CB500676E9A /* stackwalker_sparc.cc in Sources */ = {isa = PBXBuildFile; fileRef = DF0271F126833CB500676E9A /* stackwalker_sparc.cc */; };
		DF02723626833CB500676E9A /* stackwalker_ppc.cc in Sources */ = {isa = PBXBuildFile; fileRef = DF0271F226833CB500676E9A /* stackwalker_ppc.cc */; };
		DF02723726833CB500676E9A /* stackwalker_amd64.cc in Sources */ = {isa = PBXBuildFile; fileRef = DF0271F326833CB500676E9A /* stackwalker_amd64.cc */; };
		DF02723826833CB500676E9A /* stackwalker_address_list.cc in Sources */ = {isa = PBXBuildFile; fileRef = DF0271F526833CB500676E9A /* stackwalker_address_list.cc */; };
		DF02723926833CB500676E9A /* stackwalker_arm.cc in Sources */ = {isa = PBXBuildFile; fileRef = DF0271F626833CB500676E9A /* stackwalker_arm.cc */; };
		DF02723A26833CB500676E9A /* stackwalker.cc in Sources */ = {isa = PBXBuildFile; fileRef = DF0271F826833CB500676E9A /* stackwalker.cc */; };
		DF02723B26833CB500676E9A /* stackwalker_mips.cc in Sources */ = {isa = PBXBuildFile; fileRef = DF0271F926833CB500676E9A /* stackwalker_mips.cc */; };
		DF02723C26833CB500676E9A /* stackwalker_x86.cc in Sources */ = {isa = PBXBuildFile; fileRef = DF0271FD26833CB500676E9A /* stackwalker_x86.cc */; };
		DF02723D26833CB500676E9A /* basic_source_line_resolver.cc in Sources */ = {isa = PBXBuildFile; fileRef = DF02720126833CB500676E9A /* basic_source_line_resolver.cc */; };
		DF02723E26833CB500676E9A /* source_line_resolver_base.cc in Sources */ = {isa = PBXBuildFile; fileRef = DF02720226833CB500676E9A /* source_line_resolver_base.cc */; };
		DF02723F26833CB500676E9A /* symbolic_constants_win.cc in Sources */ = {isa = PBXBuildFile; fileRef = DF02720326833CB500676E9A /* symbolic_constants_win.cc */; };
		DF02724026833CB500676E9A /* basic_code_modules.cc in Sources */ = {isa = PBXBuildFile; fileRef = DF02720526833CB500676E9A /* basic_code_modules.cc */; };
		DF02724126833CB500676E9A /* proc_maps_linux.cc in Sources */ = {isa = PBXBuildFile; fileRef = DF02720626833CB500676E9A /* proc_maps_linux.cc */; };
		DF02724226833CB500676E9A /* call_stack.cc in Sources */ = {isa = PBXBuildFile; fileRef = DF02720726833CB500676E9A /* call_stack.cc */; };
/* End PBXBuildFile section */

/* Begin PBXCopyFilesBuildPhase section */
		DF53AB1F268098150087A86B /* CopyFiles */ = {
			isa = PBXCopyFilesBuildPhase;
			buildActionMask = 2147483647;
			dstPath = /usr/share/man/man1/;
			dstSubfolderSpec = 0;
			files = (
			);
			runOnlyForDeploymentPostprocessing = 1;
		};
/* End PBXCopyFilesBuildPhase section */

/* Begin PBXFileReference section */
		DF02714A26833ADC00676E9A /* libssl.a */ = {isa = PBXFileReference; lastKnownFileType = archive.ar; name = libssl.a; path = ../../../../../../usr/local/ssl/lib/libssl.a; sourceTree = "<group>"; };
		DF02714C26833B0000676E9A /* libcrypto.a */ = {isa = PBXFileReference; lastKnownFileType = archive.ar; name = libcrypto.a; path = ../../../../../../usr/local/ssl/lib/libcrypto.a; sourceTree = "<group>"; };
		DF02714E26833B2700676E9A /* libcurl.a */ = {isa = PBXFileReference; lastKnownFileType = archive.ar; name = libcurl.a; path = ../../../../../../usr/local/curl/lib/libcurl.a; sourceTree = "<group>"; };
		DF02715B26833CB500676E9A /* fast_source_line_resolver_types.h */ = {isa = PBXFileReference; fileEncoding = 4; lastKnownFileType = sourcecode.c.h; path = fast_source_line_resolver_types.h; sourceTree = "<group>"; };
		DF02715C26833CB500676E9A /* exploitability_linux.cc */ = {isa = PBXFileReference; fileEncoding = 4; lastKnownFileType = sourcecode.cpp.cpp; path = exploitability_linux.cc; sourceTree = "<group>"; };
		DF02715D26833CB500676E9A /* address_map.h */ = {isa = PBXFileReference; fileEncoding = 4; lastKnownFileType = sourcecode.c.h; path = address_map.h; sourceTree = "<group>"; };
		DF02715E26833CB500676E9A /* source_line_resolver_base_types.h */ = {isa = PBXFileReference; fileEncoding = 4; lastKnownFileType = sourcecode.c.h; path = source_line_resolver_base_types.h; sourceTree = "<group>"; };
		DF02715F26833CB500676E9A /* static_contained_range_map-inl.h */ = {isa = PBXFileReference; fileEncoding = 4; lastKnownFileType = sourcecode.c.h; path = "static_contained_range_map-inl.h"; sourceTree = "<group>"; };
		DF02716026833CB500676E9A /* cfi_frame_info.cc */ = {isa = PBXFileReference; fileEncoding = 4; lastKnownFileType = sourcecode.cpp.cpp; path = cfi_frame_info.cc; sourceTree = "<group>"; };
		DF02716126833CB500676E9A /* static_map-inl.h */ = {isa = PBXFileReference; fileEncoding = 4; lastKnownFileType = sourcecode.c.h; path = "static_map-inl.h"; sourceTree = "<group>"; };
		DF02716226833CB500676E9A /* static_map.h */ = {isa = PBXFileReference; fileEncoding = 4; lastKnownFileType = sourcecode.c.h; path = static_map.h; sourceTree = "<group>"; };
		DF02716326833CB500676E9A /* dump_object.cc */ = {isa = PBXFileReference; fileEncoding = 4; lastKnownFileType = sourcecode.cpp.cpp; path = dump_object.cc; sourceTree = "<group>"; };
		DF02716426833CB500676E9A /* minidump.cc */ = {isa = PBXFileReference; fileEncoding = 4; lastKnownFileType = sourcecode.cpp.cpp; path = minidump.cc; sourceTree = "<group>"; };
		DF02716526833CB500676E9A /* postfix_evaluator-inl.h */ = {isa = PBXFileReference; fileEncoding = 4; lastKnownFileType = sourcecode.c.h; path = "postfix_evaluator-inl.h"; sourceTree = "<group>"; };
		DF02716626833CB500676E9A /* postfix_evaluator.h */ = {isa = PBXFileReference; fileEncoding = 4; lastKnownFileType = sourcecode.c.h; path = postfix_evaluator.h; sourceTree = "<group>"; };
		DF02716726833CB500676E9A /* tokenize.cc */ = {isa = PBXFileReference; fileEncoding = 4; lastKnownFileType = sourcecode.cpp.cpp; path = tokenize.cc; sourceTree = "<group>"; };
		DF02716826833CB500676E9A /* convert_old_arm64_context.h */ = {isa = PBXFileReference; fileEncoding = 4; lastKnownFileType = sourcecode.c.h; path = convert_old_arm64_context.h; sourceTree = "<group>"; };
		DF02716926833CB500676E9A /* disassembler_x86.cc */ = {isa = PBXFileReference; fileEncoding = 4; lastKnownFileType = sourcecode.cpp.cpp; path = disassembler_x86.cc; sourceTree = "<group>"; };
		DF02716A26833CB500676E9A /* dump_context.cc */ = {isa = PBXFileReference; fileEncoding = 4; lastKnownFileType = sourcecode.cpp.cpp; path = dump_context.cc; sourceTree = "<group>"; };
		DF02716B26833CB500676E9A /* exploitability_linux.h */ = {isa = PBXFileReference; fileEncoding = 4; lastKnownFileType = sourcecode.c.h; path = exploitability_linux.h; sourceTree = "<group>"; };
		DF02716C26833CB500676E9A /* basic_code_module.h */ = {isa = PBXFileReference; fileEncoding = 4; lastKnownFileType = sourcecode.c.h; path = basic_code_module.h; sourceTree = "<group>"; };
		DF02716E26833CB500676E9A /* basic_source_line_resolver_types.h */ = {isa = PBXFileReference; fileEncoding = 4; lastKnownFileType = sourcecode.c.h; path = basic_source_line_resolver_types.h; sourceTree = "<group>"; };
		DF02716F26833CB500676E9A /* range_map.h */ = {isa = PBXFileReference; fileEncoding = 4; lastKnownFileType = sourcecode.c.h; path = range_map.h; sourceTree = "<group>"; };
		DF02717026833CB500676E9A /* cfi_frame_info-inl.h */ = {isa = PBXFileReference; fileEncoding = 4; lastKnownFileType = sourcecode.c.h; path = "cfi_frame_info-inl.h"; sourceTree = "<group>"; };
		DF02717226833CB500676E9A /* ia32_operand.h */ = {isa = PBXFileReference; fileEncoding = 4; lastKnownFileType = sourcecode.c.h; path = ia32_operand.h; sourceTree = "<group>"; };
		DF02717326833CB500676E9A /* libdis.h */ = {isa = PBXFileReference; fileEncoding = 4; lastKnownFileType = sourcecode.c.h; path = libdis.h; sourceTree = "<group>"; };
		DF02717426833CB500676E9A /* x86_format.c */ = {isa = PBXFileReference; fileEncoding = 4; lastKnownFileType = sourcecode.c.c; path = x86_format.c; sourceTree = "<group>"; };
		DF02717526833CB500676E9A /* ia32_modrm.h */ = {isa = PBXFileReference; fileEncoding = 4; lastKnownFileType = sourcecode.c.h; path = ia32_modrm.h; sourceTree = "<group>"; };
		DF02717626833CB500676E9A /* x86_misc.c */ = {isa = PBXFileReference; fileEncoding = 4; lastKnownFileType = sourcecode.c.c; path = x86_misc.c; sourceTree = "<group>"; };
		DF02717726833CB500676E9A /* ia32_reg.h */ = {isa = PBXFileReference; fileEncoding = 4; lastKnownFileType = sourcecode.c.h; path = ia32_reg.h; sourceTree = "<group>"; };
		DF02717826833CB500676E9A /* ia32_insn.h */ = {isa = PBXFileReference; fileEncoding = 4; lastKnownFileType = sourcecode.c.h; path = ia32_insn.h; sourceTree = "<group>"; };
		DF02717926833CB500676E9A /* x86_operand_list.h */ = {isa = PBXFileReference; fileEncoding = 4; lastKnownFileType = sourcecode.c.h; path = x86_operand_list.h; sourceTree = "<group>"; };
		DF02717A26833CB500676E9A /* ia32_settings.h */ = {isa = PBXFileReference; fileEncoding = 4; lastKnownFileType = sourcecode.c.h; path = ia32_settings.h; sourceTree = "<group>"; };
		DF02717B26833CB500676E9A /* ia32_implicit.h */ = {isa = PBXFileReference; fileEncoding = 4; lastKnownFileType = sourcecode.c.h; path = ia32_implicit.h; sourceTree = "<group>"; };
		DF02717C26833CB500676E9A /* x86_disasm.c */ = {isa = PBXFileReference; fileEncoding = 4; lastKnownFileType = sourcecode.c.c; path = x86_disasm.c; sourceTree = "<group>"; };
		DF02717D26833CB500676E9A /* ia32_invariant.h */ = {isa = PBXFileReference; fileEncoding = 4; lastKnownFileType = sourcecode.c.h; path = ia32_invariant.h; sourceTree = "<group>"; };
		DF02717E26833CB500676E9A /* x86_imm.h */ = {isa = PBXFileReference; fileEncoding = 4; lastKnownFileType = sourcecode.c.h; path = x86_imm.h; sourceTree = "<group>"; };
		DF02717F26833CB500676E9A /* ia32_opcode_tables.h */ = {isa = PBXFileReference; fileEncoding = 4; lastKnownFileType = sourcecode.c.h; path = ia32_opcode_tables.h; sourceTree = "<group>"; };
		DF02718026833CB500676E9A /* ia32_modrm.c */ = {isa = PBXFileReference; fileEncoding = 4; lastKnownFileType = sourcecode.c.c; path = ia32_modrm.c; sourceTree = "<group>"; };
		DF02718126833CB500676E9A /* ia32_operand.c */ = {isa = PBXFileReference; fileEncoding = 4; lastKnownFileType = sourcecode.c.c; path = ia32_operand.c; sourceTree = "<group>"; };
		DF02718226833CB500676E9A /* x86_operand_list.c */ = {isa = PBXFileReference; fileEncoding = 4; lastKnownFileType = sourcecode.c.c; path = x86_operand_list.c; sourceTree = "<group>"; };
		DF02718326833CB500676E9A /* ia32_insn.c */ = {isa = PBXFileReference; fileEncoding = 4; lastKnownFileType = sourcecode.c.c; path = ia32_insn.c; sourceTree = "<group>"; };
		DF02718426833CB500676E9A /* ia32_reg.c */ = {isa = PBXFileReference; fileEncoding = 4; lastKnownFileType = sourcecode.c.c; path = ia32_reg.c; sourceTree = "<group>"; };
		DF02718526833CB500676E9A /* ia32_implicit.c */ = {isa = PBXFileReference; fileEncoding = 4; lastKnownFileType = sourcecode.c.c; path = ia32_implicit.c; sourceTree = "<group>"; };
		DF02718626833CB500676E9A /* qword.h */ = {isa = PBXFileReference; fileEncoding = 4; lastKnownFileType = sourcecode.c.h; path = qword.h; sourceTree = "<group>"; };
		DF02718726833CB500676E9A /* ia32_settings.c */ = {isa = PBXFileReference; fileEncoding = 4; lastKnownFileType = sourcecode.c.c; path = ia32_settings.c; sourceTree = "<group>"; };
		DF02718826833CB500676E9A /* ia32_opcode_tables.c */ = {isa = PBXFileReference; fileEncoding = 4; lastKnownFileType = sourcecode.c.c; path = ia32_opcode_tables.c; sourceTree = "<group>"; };
		DF02718926833CB500676E9A /* x86_imm.c */ = {isa = PBXFileReference; fileEncoding = 4; lastKnownFileType = sourcecode.c.c; path = x86_imm.c; sourceTree = "<group>"; };
		DF02718A26833CB500676E9A /* ia32_invariant.c */ = {isa = PBXFileReference; fileEncoding = 4; lastKnownFileType = sourcecode.c.c; path = ia32_invariant.c; sourceTree = "<group>"; };
		DF02718B26833CB500676E9A /* x86_insn.c */ = {isa = PBXFileReference; fileEncoding = 4; lastKnownFileType = sourcecode.c.c; path = x86_insn.c; sourceTree = "<group>"; };
		DF02718C26833CB500676E9A /* basic_code_modules.h */ = {isa = PBXFileReference; fileEncoding = 4; lastKnownFileType = sourcecode.c.h; path = basic_code_modules.h; sourceTree = "<group>"; };
		DF02718D26833CB500676E9A /* static_map_iterator.h */ = {isa = PBXFileReference; fileEncoding = 4; lastKnownFileType = sourcecode.c.h; path = static_map_iterator.h; sourceTree = "<group>"; };
		DF02718E26833CB500676E9A /* tokenize.h */ = {isa = PBXFileReference; fileEncoding = 4; lastKnownFileType = sourcecode.c.h; path = tokenize.h; sourceTree = "<group>"; };
		DF02718F26833CB500676E9A /* linked_ptr.h */ = {isa = PBXFileReference; fileEncoding = 4; lastKnownFileType = sourcecode.c.h; path = linked_ptr.h; sourceTree = "<group>"; };
		DF02719926833CB500676E9A /* sender_mac.cc */ = {isa = PBXFileReference; fileEncoding = 4; lastKnownFileType = sourcecode.cpp.cpp; path = sender_mac.cc; sourceTree = "<group>"; };
		DF02719C26833CB500676E9A /* static_contained_range_map.h */ = {isa = PBXFileReference; fileEncoding = 4; lastKnownFileType = sourcecode.c.h; path = static_contained_range_map.h; sourceTree = "<group>"; };
		DF02719D26833CB500676E9A /* static_address_map.h */ = {isa = PBXFileReference; fileEncoding = 4; lastKnownFileType = sourcecode.c.h; path = static_address_map.h; sourceTree = "<group>"; };
		DF02719F26833CB500676E9A /* process_state.cc */ = {isa = PBXFileReference; fileEncoding = 4; lastKnownFileType = sourcecode.cpp.cpp; path = process_state.cc; sourceTree = "<group>"; };
		DF0271A026833CB500676E9A /* exploitability.cc */ = {isa = PBXFileReference; fileEncoding = 4; lastKnownFileType = sourcecode.cpp.cpp; path = exploitability.cc; sourceTree = "<group>"; };
		DF0271A126833CB500676E9A /* simple_symbol_supplier.cc */ = {isa = PBXFileReference; fileEncoding = 4; lastKnownFileType = sourcecode.cpp.cpp; path = simple_symbol_supplier.cc; sourceTree = "<group>"; };
		DF0271A226833CB500676E9A /* static_address_map-inl.h */ = {isa = PBXFileReference; fileEncoding = 4; lastKnownFileType = sourcecode.c.h; path = "static_address_map-inl.h"; sourceTree = "<group>"; };
		DF0271A326833CB500676E9A /* stack_frame_symbolizer.cc */ = {isa = PBXFileReference; fileEncoding = 4; lastKnownFileType = sourcecode.cpp.cpp; path = stack_frame_symbolizer.cc; sourceTree = "<group>"; };
		DF0271A426833CB500676E9A /* static_range_map.h */ = {isa = PBXFileReference; fileEncoding = 4; lastKnownFileType = sourcecode.c.h; path = static_range_map.h; sourceTree = "<group>"; };
		DF0271A526833CB500676E9A /* static_range_map-inl.h */ = {isa = PBXFileReference; fileEncoding = 4; lastKnownFileType = sourcecode.c.h; path = "static_range_map-inl.h"; sourceTree = "<group>"; };
		DF0271A626833CB500676E9A /* cfi_frame_info.h */ = {isa = PBXFileReference; fileEncoding = 4; lastKnownFileType = sourcecode.c.h; path = cfi_frame_info.h; sourceTree = "<group>"; };
		DF0271A726833CB500676E9A /* module_factory.h */ = {isa = PBXFileReference; fileEncoding = 4; lastKnownFileType = sourcecode.c.h; path = module_factory.h; sourceTree = "<group>"; };
		DF0271A826833CB500676E9A /* simple_symbol_supplier.h */ = {isa = PBXFileReference; fileEncoding = 4; lastKnownFileType = sourcecode.c.h; path = simple_symbol_supplier.h; sourceTree = "<group>"; };
		DF0271A926833CB500676E9A /* address_map-inl.h */ = {isa = PBXFileReference; fileEncoding = 4; lastKnownFileType = sourcecode.c.h; path = "address_map-inl.h"; sourceTree = "<group>"; };
		DF0271AA26833CB500676E9A /* dump_helper.cc */ = {isa = PBXFileReference; fileEncoding = 4; lastKnownFileType = sourcecode.cpp.cpp; path = dump_helper.cc; sourceTree = "<group>"; };
		DF0271AB26833CB500676E9A /* exploitability_win.cc */ = {isa = PBXFileReference; fileEncoding = 4; lastKnownFileType = sourcecode.cpp.cpp; path = exploitability_win.cc; sourceTree = "<group>"; };
		DF0271AD26833CB500676E9A /* scoped_ptr.h */ = {isa = PBXFileReference; fileEncoding = 4; lastKnownFileType = sourcecode.c.h; path = scoped_ptr.h; sourceTree = "<group>"; };
		DF0271AF26833CB500676E9A /* stdio_wrapper.h */ = {isa = PBXFileReference; fileEncoding = 4; lastKnownFileType = sourcecode.c.h; path = stdio_wrapper.h; sourceTree = "<group>"; };
		DF0271B026833CB500676E9A /* md5.h */ = {isa = PBXFileReference; fileEncoding = 4; lastKnownFileType = sourcecode.c.h; path = md5.h; sourceTree = "<group>"; };
		DF0271B226833CB500676E9A /* stackwalker.h */ = {isa = PBXFileReference; fileEncoding = 4; lastKnownFileType = sourcecode.c.h; path = stackwalker.h; sourceTree = "<group>"; };
		DF0271B326833CB500676E9A /* stack_frame_symbolizer.h */ = {isa = PBXFileReference; fileEncoding = 4; lastKnownFileType = sourcecode.c.h; path = stack_frame_symbolizer.h; sourceTree = "<group>"; };
		DF0271B426833CB500676E9A /* minidump.h */ = {isa = PBXFileReference; fileEncoding = 4; lastKnownFileType = sourcecode.c.h; path = minidump.h; sourceTree = "<group>"; };
		DF0271B526833CB500676E9A /* exception_record.h */ = {isa = PBXFileReference; fileEncoding = 4; lastKnownFileType = sourcecode.c.h; path = exception_record.h; sourceTree = "<group>"; };
		DF0271B626833CB500676E9A /* process_result.h */ = {isa = PBXFileReference; fileEncoding = 4; lastKnownFileType = sourcecode.c.h; path = process_result.h; sourceTree = "<group>"; };
		DF0271B726833CB500676E9A /* source_line_resolver_base.h */ = {isa = PBXFileReference; fileEncoding = 4; lastKnownFileType = sourcecode.c.h; path = source_line_resolver_base.h; sourceTree = "<group>"; };
		DF0271B826833CB500676E9A /* call_stack.h */ = {isa = PBXFileReference; fileEncoding = 4; lastKnownFileType = sourcecode.c.h; path = call_stack.h; sourceTree = "<group>"; };
		DF0271B926833CB500676E9A /* microdump.h */ = {isa = PBXFileReference; fileEncoding = 4; lastKnownFileType = sourcecode.c.h; path = microdump.h; sourceTree = "<group>"; };
		DF0271BA26833CB500676E9A /* dump_object.h */ = {isa = PBXFileReference; fileEncoding = 4; lastKnownFileType = sourcecode.c.h; path = dump_object.h; sourceTree = "<group>"; };
		DF0271BB26833CB500676E9A /* exploitability.h */ = {isa = PBXFileReference; fileEncoding = 4; lastKnownFileType = sourcecode.c.h; path = exploitability.h; sourceTree = "<group>"; };
		DF0271BC26833CB500676E9A /* minidump_processor.h */ = {isa = PBXFileReference; fileEncoding = 4; lastKnownFileType = sourcecode.c.h; path = minidump_processor.h; sourceTree = "<group>"; };
		DF0271BD26833CB500676E9A /* process_state.h */ = {isa = PBXFileReference; fileEncoding = 4; lastKnownFileType = sourcecode.c.h; path = process_state.h; sourceTree = "<group>"; };
		DF0271BE26833CB500676E9A /* microdump_processor.h */ = {isa = PBXFileReference; fileEncoding = 4; lastKnownFileType = sourcecode.c.h; path = microdump_processor.h; sourceTree = "<group>"; };
		DF0271BF26833CB500676E9A /* system_info.h */ = {isa = PBXFileReference; fileEncoding = 4; lastKnownFileType = sourcecode.c.h; path = system_info.h; sourceTree = "<group>"; };
		DF0271C026833CB500676E9A /* memory_region.h */ = {isa = PBXFileReference; fileEncoding = 4; lastKnownFileType = sourcecode.c.h; path = memory_region.h; sourceTree = "<group>"; };
		DF0271C126833CB500676E9A /* stack_frame.h */ = {isa = PBXFileReference; fileEncoding = 4; lastKnownFileType = sourcecode.c.h; path = stack_frame.h; sourceTree = "<group>"; };
		DF0271C226833CB500676E9A /* dump_context.h */ = {isa = PBXFileReference; fileEncoding = 4; lastKnownFileType = sourcecode.c.h; path = dump_context.h; sourceTree = "<group>"; };
		DF0271C326833CB500676E9A /* fast_source_line_resolver.h */ = {isa = PBXFileReference; fileEncoding = 4; lastKnownFileType = sourcecode.c.h; path = fast_source_line_resolver.h; sourceTree = "<group>"; };
		DF0271C426833CB500676E9A /* source_line_resolver_interface.h */ = {isa = PBXFileReference; fileEncoding = 4; lastKnownFileType = sourcecode.c.h; path = source_line_resolver_interface.h; sourceTree = "<group>"; };
		DF0271C526833CB500676E9A /* stack_frame_cpu.h */ = {isa = PBXFileReference; fileEncoding = 4; lastKnownFileType = sourcecode.c.h; path = stack_frame_cpu.h; sourceTree = "<group>"; };
		DF0271C626833CB500676E9A /* symbol_supplier.h */ = {isa = PBXFileReference; fileEncoding = 4; lastKnownFileType = sourcecode.c.h; path = symbol_supplier.h; sourceTree = "<group>"; };
		DF0271C726833CB500676E9A /* proc_maps_linux.h */ = {isa = PBXFileReference; fileEncoding = 4; lastKnownFileType = sourcecode.c.h; path = proc_maps_linux.h; sourceTree = "<group>"; };
		DF0271C826833CB500676E9A /* code_modules.h */ = {isa = PBXFileReference; fileEncoding = 4; lastKnownFileType = sourcecode.c.h; path = code_modules.h; sourceTree = "<group>"; };
		DF0271C926833CB500676E9A /* code_module.h */ = {isa = PBXFileReference; fileEncoding = 4; lastKnownFileType = sourcecode.c.h; path = code_module.h; sourceTree = "<group>"; };
		DF0271CA26833CB500676E9A /* basic_source_line_resolver.h */ = {isa = PBXFileReference; fileEncoding = 4; lastKnownFileType = sourcecode.c.h; path = basic_source_line_resolver.h; sourceTree = "<group>"; };
		DF0271CB26833CB500676E9A /* path_helper.h */ = {isa = PBXFileReference; fileEncoding = 4; lastKnownFileType = sourcecode.c.h; path = path_helper.h; sourceTree = "<group>"; };
		DF0271CC26833CB500676E9A /* using_std_string.h */ = {isa = PBXFileReference; fileEncoding = 4; lastKnownFileType = sourcecode.c.h; path = using_std_string.h; sourceTree = "<group>"; };
		DF0271CD26833CB500676E9A /* logging.h */ = {isa = PBXFileReference; fileEncoding = 4; lastKnownFileType = sourcecode.c.h; path = logging.h; sourceTree = "<group>"; };
		DF0271CE26833CB500676E9A /* path_helper.cc */ = {isa = PBXFileReference; fileEncoding = 4; lastKnownFileType = sourcecode.cpp.cpp; path = path_helper.cc; sourceTree = "<group>"; };
		DF0271D026833CB500676E9A /* macros.h */ = {isa = PBXFileReference; fileEncoding = 4; lastKnownFileType = sourcecode.c.h; path = macros.h; sourceTree = "<group>"; };
		DF0271D126833CB500676E9A /* basictypes.h */ = {isa = PBXFileReference; fileEncoding = 4; lastKnownFileType = sourcecode.c.h; path = basictypes.h; sourceTree = "<group>"; };
		DF0271D326833CB500676E9A /* minidump_exception_solaris.h */ = {isa = PBXFileReference; fileEncoding = 4; lastKnownFileType = sourcecode.c.h; path = minidump_exception_solaris.h; sourceTree = "<group>"; };
		DF0271D426833CB500676E9A /* minidump_exception_fuchsia.h */ = {isa = PBXFileReference; fileEncoding = 4; lastKnownFileType = sourcecode.c.h; path = minidump_exception_fuchsia.h; sourceTree = "<group>"; };
		DF0271D526833CB500676E9A /* minidump_cpu_arm64.h */ = {isa = PBXFileReference; fileEncoding = 4; lastKnownFileType = sourcecode.c.h; path = minidump_cpu_arm64.h; sourceTree = "<group>"; };
		DF0271D626833CB500676E9A /* minidump_cpu_ppc.h */ = {isa = PBXFileReference; fileEncoding = 4; lastKnownFileType = sourcecode.c.h; path = minidump_cpu_ppc.h; sourceTree = "<group>"; };
		DF0271D726833CB500676E9A /* minidump_format.h */ = {isa = PBXFileReference; fileEncoding = 4; lastKnownFileType = sourcecode.c.h; path = minidump_format.h; sourceTree = "<group>"; };
		DF0271D826833CB500676E9A /* minidump_exception_mac.h */ = {isa = PBXFileReference; fileEncoding = 4; lastKnownFileType = sourcecode.c.h; path = minidump_exception_mac.h; sourceTree = "<group>"; };
		DF0271D926833CB500676E9A /* minidump_cpu_mips.h */ = {isa = PBXFileReference; fileEncoding = 4; lastKnownFileType = sourcecode.c.h; path = minidump_cpu_mips.h; sourceTree = "<group>"; };
		DF0271DA26833CB500676E9A /* minidump_exception_win32.h */ = {isa = PBXFileReference; fileEncoding = 4; lastKnownFileType = sourcecode.c.h; path = minidump_exception_win32.h; sourceTree = "<group>"; };
		DF0271DB26833CB500676E9A /* minidump_cpu_x86.h */ = {isa = PBXFileReference; fileEncoding = 4; lastKnownFileType = sourcecode.c.h; path = minidump_cpu_x86.h; sourceTree = "<group>"; };
		DF0271DC26833CB500676E9A /* minidump_cpu_sparc.h */ = {isa = PBXFileReference; fileEncoding = 4; lastKnownFileType = sourcecode.c.h; path = minidump_cpu_sparc.h; sourceTree = "<group>"; };
		DF0271DD26833CB500676E9A /* minidump_cpu_amd64.h */ = {isa = PBXFileReference; fileEncoding = 4; lastKnownFileType = sourcecode.c.h; path = minidump_cpu_amd64.h; sourceTree = "<group>"; };
		DF0271DE26833CB500676E9A /* minidump_cpu_arm.h */ = {isa = PBXFileReference; fileEncoding = 4; lastKnownFileType = sourcecode.c.h; path = minidump_cpu_arm.h; sourceTree = "<group>"; };
		DF0271DF26833CB500676E9A /* minidump_size.h */ = {isa = PBXFileReference; fileEncoding = 4; lastKnownFileType = sourcecode.c.h; path = minidump_size.h; sourceTree = "<group>"; };
		DF0271E026833CB500676E9A /* minidump_exception_linux.h */ = {isa = PBXFileReference; fileEncoding = 4; lastKnownFileType = sourcecode.c.h; path = minidump_exception_linux.h; sourceTree = "<group>"; };
		DF0271E126833CB500676E9A /* minidump_cpu_ppc64.h */ = {isa = PBXFileReference; fileEncoding = 4; lastKnownFileType = sourcecode.c.h; path = minidump_cpu_ppc64.h; sourceTree = "<group>"; };
		DF0271E226833CB500676E9A /* breakpad_types.h */ = {isa = PBXFileReference; fileEncoding = 4; lastKnownFileType = sourcecode.c.h; path = breakpad_types.h; sourceTree = "<group>"; };
		DF0271E326833CB500676E9A /* minidump_exception_ps3.h */ = {isa = PBXFileReference; fileEncoding = 4; lastKnownFileType = sourcecode.c.h; path = minidump_exception_ps3.h; sourceTree = "<group>"; };
		DF0271E426833CB500676E9A /* logging.cc */ = {isa = PBXFileReference; fileEncoding = 4; lastKnownFileType = sourcecode.cpp.cpp; path = logging.cc; sourceTree = "<group>"; };
		DF0271E526833CB500676E9A /* contained_range_map.h */ = {isa = PBXFileReference; fileEncoding = 4; lastKnownFileType = sourcecode.c.h; path = contained_range_map.h; sourceTree = "<group>"; };
		DF0271E626833CB500676E9A /* range_map-inl.h */ = {isa = PBXFileReference; fileEncoding = 4; lastKnownFileType = sourcecode.c.h; path = "range_map-inl.h"; sourceTree = "<group>"; };
		DF0271E726833CB500676E9A /* convert_old_arm64_context.cc */ = {isa = PBXFileReference; fileEncoding = 4; lastKnownFileType = sourcecode.cpp.cpp; path = convert_old_arm64_context.cc; sourceTree = "<group>"; };
		DF0271E826833CB500676E9A /* stack_frame_cpu.cc */ = {isa = PBXFileReference; fileEncoding = 4; lastKnownFileType = sourcecode.cpp.cpp; path = stack_frame_cpu.cc; sourceTree = "<group>"; };
		DF0271E926833CB500676E9A /* minidump_processor.cc */ = {isa = PBXFileReference; fileEncoding = 4; lastKnownFileType = sourcecode.cpp.cpp; path = minidump_processor.cc; sourceTree = "<group>"; };
		DF0271EA26833CB500676E9A /* stackwalk_common.cc */ = {isa = PBXFileReference; fileEncoding = 4; lastKnownFileType = sourcecode.cpp.cpp; path = stackwalk_common.cc; sourceTree = "<group>"; };
		DF0271EB26833CB500676E9A /* exploitability_win.h */ = {isa = PBXFileReference; fileEncoding = 4; lastKnownFileType = sourcecode.c.h; path = exploitability_win.h; sourceTree = "<group>"; };
		DF0271ED26833CB500676E9A /* stackwalker_arm64.cc */ = {isa = PBXFileReference; fileEncoding = 4; lastKnownFileType = sourcecode.cpp.cpp; path = stackwalker_arm64.cc; sourceTree = "<group>"; };
		DF0271EE26833CB500676E9A /* stackwalker_ppc.h */ = {isa = PBXFileReference; fileEncoding = 4; lastKnownFileType = sourcecode.c.h; path = stackwalker_ppc.h; sourceTree = "<group>"; };
		DF0271EF26833CB500676E9A /* stackwalker_ppc64.cc */ = {isa = PBXFileReference; fileEncoding = 4; lastKnownFileType = sourcecode.cpp.cpp; path = stackwalker_ppc64.cc; sourceTree = "<group>"; };
		DF0271F026833CB500676E9A /* stackwalker_arm64.h */ = {isa = PBXFileReference; fileEncoding = 4; lastKnownFileType = sourcecode.c.h; path = stackwalker_arm64.h; sourceTree = "<group>"; };
		DF0271F126833CB500676E9A /* stackwalker_sparc.cc */ = {isa = PBXFileReference; fileEncoding = 4; lastKnownFileType = sourcecode.cpp.cpp; path = stackwalker_sparc.cc; sourceTree = "<group>"; };
		DF0271F226833CB500676E9A /* stackwalker_ppc.cc */ = {isa = PBXFileReference; fileEncoding = 4; lastKnownFileType = sourcecode.cpp.cpp; path = stackwalker_ppc.cc; sourceTree = "<group>"; };
		DF0271F326833CB500676E9A /* stackwalker_amd64.cc */ = {isa = PBXFileReference; fileEncoding = 4; lastKnownFileType = sourcecode.cpp.cpp; path = stackwalker_amd64.cc; sourceTree = "<group>"; };
		DF0271F426833CB500676E9A /* stackwalker_address_list.h */ = {isa = PBXFileReference; fileEncoding = 4; lastKnownFileType = sourcecode.c.h; path = stackwalker_address_list.h; sourceTree = "<group>"; };
		DF0271F526833CB500676E9A /* stackwalker_address_list.cc */ = {isa = PBXFileReference; fileEncoding = 4; lastKnownFileType = sourcecode.cpp.cpp; path = stackwalker_address_list.cc; sourceTree = "<group>"; };
		DF0271F626833CB500676E9A /* stackwalker_arm.cc */ = {isa = PBXFileReference; fileEncoding = 4; lastKnownFileType = sourcecode.cpp.cpp; path = stackwalker_arm.cc; sourceTree = "<group>"; };
		DF0271F726833CB500676E9A /* stackwalker_ppc64.h */ = {isa = PBXFileReference; fileEncoding = 4; lastKnownFileType = sourcecode.c.h; path = stackwalker_ppc64.h; sourceTree = "<group>"; };
		DF0271F826833CB500676E9A /* stackwalker.cc */ = {isa = PBXFileReference; fileEncoding = 4; lastKnownFileType = sourcecode.cpp.cpp; path = stackwalker.cc; sourceTree = "<group>"; };
		DF0271F926833CB500676E9A /* stackwalker_mips.cc */ = {isa = PBXFileReference; fileEncoding = 4; lastKnownFileType = sourcecode.cpp.cpp; path = stackwalker_mips.cc; sourceTree = "<group>"; };
		DF0271FA26833CB500676E9A /* stackwalker_amd64.h */ = {isa = PBXFileReference; fileEncoding = 4; lastKnownFileType = sourcecode.c.h; path = stackwalker_amd64.h; sourceTree = "<group>"; };
		DF0271FB26833CB500676E9A /* stackwalker_arm.h */ = {isa = PBXFileReference; fileEncoding = 4; lastKnownFileType = sourcecode.c.h; path = stackwalker_arm.h; sourceTree = "<group>"; };
		DF0271FC26833CB500676E9A /* stackwalker_sparc.h */ = {isa = PBXFileReference; fileEncoding = 4; lastKnownFileType = sourcecode.c.h; path = stackwalker_sparc.h; sourceTree = "<group>"; };
		DF0271FD26833CB500676E9A /* stackwalker_x86.cc */ = {isa = PBXFileReference; fileEncoding = 4; lastKnownFileType = sourcecode.cpp.cpp; path = stackwalker_x86.cc; sourceTree = "<group>"; };
		DF0271FE26833CB500676E9A /* stackwalker_x86.h */ = {isa = PBXFileReference; fileEncoding = 4; lastKnownFileType = sourcecode.c.h; path = stackwalker_x86.h; sourceTree = "<group>"; };
		DF0271FF26833CB500676E9A /* stackwalker_mips.h */ = {isa = PBXFileReference; fileEncoding = 4; lastKnownFileType = sourcecode.c.h; path = stackwalker_mips.h; sourceTree = "<group>"; };
		DF02720026833CB500676E9A /* symbolic_constants_win.h */ = {isa = PBXFileReference; fileEncoding = 4; lastKnownFileType = sourcecode.c.h; path = symbolic_constants_win.h; sourceTree = "<group>"; };
		DF02720126833CB500676E9A /* basic_source_line_resolver.cc */ = {isa = PBXFileReference; fileEncoding = 4; lastKnownFileType = sourcecode.cpp.cpp; path = basic_source_line_resolver.cc; sourceTree = "<group>"; };
		DF02720226833CB500676E9A /* source_line_resolver_base.cc */ = {isa = PBXFileReference; fileEncoding = 4; lastKnownFileType = sourcecode.cpp.cpp; path = source_line_resolver_base.cc; sourceTree = "<group>"; };
		DF02720326833CB500676E9A /* symbolic_constants_win.cc */ = {isa = PBXFileReference; fileEncoding = 4; lastKnownFileType = sourcecode.cpp.cpp; path = symbolic_constants_win.cc; sourceTree = "<group>"; };
		DF02720426833CB500676E9A /* contained_range_map-inl.h */ = {isa = PBXFileReference; fileEncoding = 4; lastKnownFileType = sourcecode.c.h; path = "contained_range_map-inl.h"; sourceTree = "<group>"; };
		DF02720526833CB500676E9A /* basic_code_modules.cc */ = {isa = PBXFileReference; fileEncoding = 4; lastKnownFileType = sourcecode.cpp.cpp; path = basic_code_modules.cc; sourceTree = "<group>"; };
		DF02720626833CB500676E9A /* proc_maps_linux.cc */ = {isa = PBXFileReference; fileEncoding = 4; lastKnownFileType = sourcecode.cpp.cpp; path = proc_maps_linux.cc; sourceTree = "<group>"; };
		DF02720726833CB500676E9A /* call_stack.cc */ = {isa = PBXFileReference; fileEncoding = 4; lastKnownFileType = sourcecode.cpp.cpp; path = call_stack.cc; sourceTree = "<group>"; };
		DF02720826833CB500676E9A /* static_map_iterator-inl.h */ = {isa = PBXFileReference; fileEncoding = 4; lastKnownFileType = sourcecode.c.h; path = "static_map_iterator-inl.h"; sourceTree = "<group>"; };
		DF02720926833CB500676E9A /* stackwalk_common.h */ = {isa = PBXFileReference; fileEncoding = 4; lastKnownFileType = sourcecode.c.h; path = stackwalk_common.h; sourceTree = "<group>"; };
		DF02720A26833CB500676E9A /* windows_frame_info.h */ = {isa = PBXFileReference; fileEncoding = 4; lastKnownFileType = sourcecode.c.h; path = windows_frame_info.h; sourceTree = "<group>"; };
		DF02720B26833CB500676E9A /* disassembler_x86.h */ = {isa = PBXFileReference; fileEncoding = 4; lastKnownFileType = sourcecode.c.h; path = disassembler_x86.h; sourceTree = "<group>"; };
		DF02724726833D8C00676E9A /* sender_mac.h */ = {isa = PBXFileReference; fileEncoding = 4; lastKnownFileType = sourcecode.c.h; path = sender_mac.h; sourceTree = "<group>"; };
		DF53AB21268098150087A86B /* dumpHelper */ = {isa = PBXFileReference; explicitFileType = "compiled.mach-o.executable"; includeInIndex = 0; path = dumpHelper; sourceTree = BUILT_PRODUCTS_DIR; };
/* End PBXFileReference section */

/* Begin PBXFrameworksBuildPhase section */
		DF53AB1E268098150087A86B /* Frameworks */ = {
			isa = PBXFrameworksBuildPhase;
			buildActionMask = 2147483647;
			files = (
				DF02714D26833B1200676E9A /* libcrypto.a in Frameworks */,
				DF02714B26833B0000676E9A /* libssl.a in Frameworks */,
				DF02714F26833B3E00676E9A /* libcurl.a in Frameworks */,
			);
			runOnlyForDeploymentPostprocessing = 0;
		};
/* End PBXFrameworksBuildPhase section */

/* Begin PBXGroup section */
		DF02715A26833CB500676E9A /* dumpHelper */ = {
			isa = PBXGroup;
			children = (
				DF0271A926833CB500676E9A /* address_map-inl.h */,
				DF02715D26833CB500676E9A /* address_map.h */,
				DF02716C26833CB500676E9A /* basic_code_module.h */,
				DF02720526833CB500676E9A /* basic_code_modules.cc */,
				DF02718C26833CB500676E9A /* basic_code_modules.h */,
				DF02716E26833CB500676E9A /* basic_source_line_resolver_types.h */,
				DF02720126833CB500676E9A /* basic_source_line_resolver.cc */,
				DF02720726833CB500676E9A /* call_stack.cc */,
				DF02717026833CB500676E9A /* cfi_frame_info-inl.h */,
				DF02716026833CB500676E9A /* cfi_frame_info.cc */,
				DF0271A626833CB500676E9A /* cfi_frame_info.h */,
				DF0271AC26833CB500676E9A /* common */,
				DF02720426833CB500676E9A /* contained_range_map-inl.h */,
				DF0271E526833CB500676E9A /* contained_range_map.h */,
				DF0271E726833CB500676E9A /* convert_old_arm64_context.cc */,
				DF02716826833CB500676E9A /* convert_old_arm64_context.h */,
				DF02717126833CB500676E9A /* disasm */,
				DF02716926833CB500676E9A /* disassembler_x86.cc */,
				DF02720B26833CB500676E9A /* disassembler_x86.h */,
				DF02716A26833CB500676E9A /* dump_context.cc */,
				DF0271AA26833CB500676E9A /* dump_helper.cc */,
				DF02716326833CB500676E9A /* dump_object.cc */,
				DF02715C26833CB500676E9A /* exploitability_linux.cc */,
				DF02716B26833CB500676E9A /* exploitability_linux.h */,
				DF0271AB26833CB500676E9A /* exploitability_win.cc */,
				DF0271EB26833CB500676E9A /* exploitability_win.h */,
				DF0271A026833CB500676E9A /* exploitability.cc */,
				DF02715B26833CB500676E9A /* fast_source_line_resolver_types.h */,
				DF02718F26833CB500676E9A /* linked_ptr.h */,
				DF0271E926833CB500676E9A /* minidump_processor.cc */,
				DF02716426833CB500676E9A /* minidump.cc */,
				DF0271A726833CB500676E9A /* module_factory.h */,
				DF02716526833CB500676E9A /* postfix_evaluator-inl.h */,
				DF02716626833CB500676E9A /* postfix_evaluator.h */,
				DF02720626833CB500676E9A /* proc_maps_linux.cc */,
				DF02719F26833CB500676E9A /* process_state.cc */,
				DF0271E626833CB500676E9A /* range_map-inl.h */,
				DF02716F26833CB500676E9A /* range_map.h */,
				DF02719026833CB500676E9A /* sender */,
				DF0271A126833CB500676E9A /* simple_symbol_supplier.cc */,
				DF0271A826833CB500676E9A /* simple_symbol_supplier.h */,
				DF02715E26833CB500676E9A /* source_line_resolver_base_types.h */,
				DF02720226833CB500676E9A /* source_line_resolver_base.cc */,
				DF0271E826833CB500676E9A /* stack_frame_cpu.cc */,
				DF0271A326833CB500676E9A /* stack_frame_symbolizer.cc */,
				DF0271EA26833CB500676E9A /* stackwalk_common.cc */,
				DF02720926833CB500676E9A /* stackwalk_common.h */,
				DF0271EC26833CB500676E9A /* stackwalker */,
				DF0271A226833CB500676E9A /* static_address_map-inl.h */,
				DF02719D26833CB500676E9A /* static_address_map.h */,
				DF02715F26833CB500676E9A /* static_contained_range_map-inl.h */,
				DF02719C26833CB500676E9A /* static_contained_range_map.h */,
				DF02720826833CB500676E9A /* static_map_iterator-inl.h */,
				DF02718D26833CB500676E9A /* static_map_iterator.h */,
				DF02716126833CB500676E9A /* static_map-inl.h */,
				DF02716226833CB500676E9A /* static_map.h */,
				DF0271A526833CB500676E9A /* static_range_map-inl.h */,
				DF0271A426833CB500676E9A /* static_range_map.h */,
				DF02720326833CB500676E9A /* symbolic_constants_win.cc */,
				DF02720026833CB500676E9A /* symbolic_constants_win.h */,
				DF02716726833CB500676E9A /* tokenize.cc */,
				DF02718E26833CB500676E9A /* tokenize.h */,
				DF02720A26833CB500676E9A /* windows_frame_info.h */,
			);
			path = dumpHelper;
			sourceTree = "<group>";
		};
		DF02717126833CB500676E9A /* disasm */ = {
			isa = PBXGroup;
			children = (
				DF02717226833CB500676E9A /* ia32_operand.h */,
				DF02717326833CB500676E9A /* libdis.h */,
				DF02717426833CB500676E9A /* x86_format.c */,
				DF02717526833CB500676E9A /* ia32_modrm.h */,
				DF02717626833CB500676E9A /* x86_misc.c */,
				DF02717726833CB500676E9A /* ia32_reg.h */,
				DF02717826833CB500676E9A /* ia32_insn.h */,
				DF02717926833CB500676E9A /* x86_operand_list.h */,
				DF02717A26833CB500676E9A /* ia32_settings.h */,
				DF02717B26833CB500676E9A /* ia32_implicit.h */,
				DF02717C26833CB500676E9A /* x86_disasm.c */,
				DF02717D26833CB500676E9A /* ia32_invariant.h */,
				DF02717E26833CB500676E9A /* x86_imm.h */,
				DF02717F26833CB500676E9A /* ia32_opcode_tables.h */,
				DF02718026833CB500676E9A /* ia32_modrm.c */,
				DF02718126833CB500676E9A /* ia32_operand.c */,
				DF02718226833CB500676E9A /* x86_operand_list.c */,
				DF02718326833CB500676E9A /* ia32_insn.c */,
				DF02718426833CB500676E9A /* ia32_reg.c */,
				DF02718526833CB500676E9A /* ia32_implicit.c */,
				DF02718626833CB500676E9A /* qword.h */,
				DF02718726833CB500676E9A /* ia32_settings.c */,
				DF02718826833CB500676E9A /* ia32_opcode_tables.c */,
				DF02718926833CB500676E9A /* x86_imm.c */,
				DF02718A26833CB500676E9A /* ia32_invariant.c */,
				DF02718B26833CB500676E9A /* x86_insn.c */,
			);
			path = disasm;
			sourceTree = "<group>";
		};
		DF02719026833CB500676E9A /* sender */ = {
			isa = PBXGroup;
			children = (
				DF02724726833D8C00676E9A /* sender_mac.h */,
				DF02719926833CB500676E9A /* sender_mac.cc */,
			);
			path = sender;
			sourceTree = "<group>";
		};
		DF0271AC26833CB500676E9A /* common */ = {
			isa = PBXGroup;
			children = (
				DF0271AD26833CB500676E9A /* scoped_ptr.h */,
				DF0271AF26833CB500676E9A /* stdio_wrapper.h */,
				DF0271B026833CB500676E9A /* md5.h */,
				DF0271B126833CB500676E9A /* processor */,
				DF0271CB26833CB500676E9A /* path_helper.h */,
				DF0271CC26833CB500676E9A /* using_std_string.h */,
				DF0271CD26833CB500676E9A /* logging.h */,
				DF0271CE26833CB500676E9A /* path_helper.cc */,
				DF0271D026833CB500676E9A /* macros.h */,
				DF0271D126833CB500676E9A /* basictypes.h */,
				DF0271D226833CB500676E9A /* minidump */,
				DF0271E426833CB500676E9A /* logging.cc */,
			);
			path = common;
			sourceTree = "<group>";
		};
		DF0271B126833CB500676E9A /* processor */ = {
			isa = PBXGroup;
			children = (
				DF0271B226833CB500676E9A /* stackwalker.h */,
				DF0271B326833CB500676E9A /* stack_frame_symbolizer.h */,
				DF0271B426833CB500676E9A /* minidump.h */,
				DF0271B526833CB500676E9A /* exception_record.h */,
				DF0271B626833CB500676E9A /* process_result.h */,
				DF0271B726833CB500676E9A /* source_line_resolver_base.h */,
				DF0271B826833CB500676E9A /* call_stack.h */,
				DF0271B926833CB500676E9A /* microdump.h */,
				DF0271BA26833CB500676E9A /* dump_object.h */,
				DF0271BB26833CB500676E9A /* exploitability.h */,
				DF0271BC26833CB500676E9A /* minidump_processor.h */,
				DF0271BD26833CB500676E9A /* process_state.h */,
				DF0271BE26833CB500676E9A /* microdump_processor.h */,
				DF0271BF26833CB500676E9A /* system_info.h */,
				DF0271C026833CB500676E9A /* memory_region.h */,
				DF0271C126833CB500676E9A /* stack_frame.h */,
				DF0271C226833CB500676E9A /* dump_context.h */,
				DF0271C326833CB500676E9A /* fast_source_line_resolver.h */,
				DF0271C426833CB500676E9A /* source_line_resolver_interface.h */,
				DF0271C526833CB500676E9A /* stack_frame_cpu.h */,
				DF0271C626833CB500676E9A /* symbol_supplier.h */,
				DF0271C726833CB500676E9A /* proc_maps_linux.h */,
				DF0271C826833CB500676E9A /* code_modules.h */,
				DF0271C926833CB500676E9A /* code_module.h */,
				DF0271CA26833CB500676E9A /* basic_source_line_resolver.h */,
			);
			path = processor;
			sourceTree = "<group>";
		};
		DF0271D226833CB500676E9A /* minidump */ = {
			isa = PBXGroup;
			children = (
				DF0271D326833CB500676E9A /* minidump_exception_solaris.h */,
				DF0271D426833CB500676E9A /* minidump_exception_fuchsia.h */,
				DF0271D526833CB500676E9A /* minidump_cpu_arm64.h */,
				DF0271D626833CB500676E9A /* minidump_cpu_ppc.h */,
				DF0271D726833CB500676E9A /* minidump_format.h */,
				DF0271D826833CB500676E9A /* minidump_exception_mac.h */,
				DF0271D926833CB500676E9A /* minidump_cpu_mips.h */,
				DF0271DA26833CB500676E9A /* minidump_exception_win32.h */,
				DF0271DB26833CB500676E9A /* minidump_cpu_x86.h */,
				DF0271DC26833CB500676E9A /* minidump_cpu_sparc.h */,
				DF0271DD26833CB500676E9A /* minidump_cpu_amd64.h */,
				DF0271DE26833CB500676E9A /* minidump_cpu_arm.h */,
				DF0271DF26833CB500676E9A /* minidump_size.h */,
				DF0271E026833CB500676E9A /* minidump_exception_linux.h */,
				DF0271E126833CB500676E9A /* minidump_cpu_ppc64.h */,
				DF0271E226833CB500676E9A /* breakpad_types.h */,
				DF0271E326833CB500676E9A /* minidump_exception_ps3.h */,
			);
			path = minidump;
			sourceTree = "<group>";
		};
		DF0271EC26833CB500676E9A /* stackwalker */ = {
			isa = PBXGroup;
			children = (
				DF0271ED26833CB500676E9A /* stackwalker_arm64.cc */,
				DF0271EE26833CB500676E9A /* stackwalker_ppc.h */,
				DF0271EF26833CB500676E9A /* stackwalker_ppc64.cc */,
				DF0271F026833CB500676E9A /* stackwalker_arm64.h */,
				DF0271F126833CB500676E9A /* stackwalker_sparc.cc */,
				DF0271F226833CB500676E9A /* stackwalker_ppc.cc */,
				DF0271F326833CB500676E9A /* stackwalker_amd64.cc */,
				DF0271F426833CB500676E9A /* stackwalker_address_list.h */,
				DF0271F526833CB500676E9A /* stackwalker_address_list.cc */,
				DF0271F626833CB500676E9A /* stackwalker_arm.cc */,
				DF0271F726833CB500676E9A /* stackwalker_ppc64.h */,
				DF0271F826833CB500676E9A /* stackwalker.cc */,
				DF0271F926833CB500676E9A /* stackwalker_mips.cc */,
				DF0271FA26833CB500676E9A /* stackwalker_amd64.h */,
				DF0271FB26833CB500676E9A /* stackwalker_arm.h */,
				DF0271FC26833CB500676E9A /* stackwalker_sparc.h */,
				DF0271FD26833CB500676E9A /* stackwalker_x86.cc */,
				DF0271FE26833CB500676E9A /* stackwalker_x86.h */,
				DF0271FF26833CB500676E9A /* stackwalker_mips.h */,
			);
			path = stackwalker;
			sourceTree = "<group>";
		};
		DF53AB18268098150087A86B = {
			isa = PBXGroup;
			children = (
				DF02715A26833CB500676E9A /* dumpHelper */,
				DF53AB22268098150087A86B /* Products */,
				DF53B06E26833A100087A86B /* Frameworks */,
			);
			sourceTree = "<group>";
		};
		DF53AB22268098150087A86B /* Products */ = {
			isa = PBXGroup;
			children = (
				DF53AB21268098150087A86B /* dumpHelper */,
			);
			name = Products;
			sourceTree = "<group>";
		};
		DF53B06E26833A100087A86B /* Frameworks */ = {
			isa = PBXGroup;
			children = (
				DF02714E26833B2700676E9A /* libcurl.a */,
				DF02714C26833B0000676E9A /* libcrypto.a */,
				DF02714A26833ADC00676E9A /* libssl.a */,
			);
			name = Frameworks;
			sourceTree = "<group>";
		};
/* End PBXGroup section */

/* Begin PBXNativeTarget section */
		DF53AB20268098150087A86B /* dumpHelper */ = {
			isa = PBXNativeTarget;
			buildConfigurationList = DF53AB28268098150087A86B /* Build configuration list for PBXNativeTarget "dumpHelper" */;
			buildPhases = (
				DF53AB1D268098150087A86B /* Sources */,
				DF53AB1E268098150087A86B /* Frameworks */,
				DF53AB1F268098150087A86B /* CopyFiles */,
			);
			buildRules = (
			);
			dependencies = (
			);
			name = dumpHelper;
			productName = dumpHelper;
			productReference = DF53AB21268098150087A86B /* dumpHelper */;
			productType = "com.apple.product-type.tool";
		};
/* End PBXNativeTarget section */

/* Begin PBXProject section */
		DF53AB19268098150087A86B /* Project object */ = {
			isa = PBXProject;
			attributes = {
				LastUpgradeCheck = 1240;
				TargetAttributes = {
					DF53AB20268098150087A86B = {
						CreatedOnToolsVersion = 12.4;
					};
				};
			};
			buildConfigurationList = DF53AB1C268098150087A86B /* Build configuration list for PBXProject "dumpHelper" */;
			compatibilityVersion = "Xcode 9.3";
			developmentRegion = en;
			hasScannedForEncodings = 0;
			knownRegions = (
				en,
				Base,
			);
			mainGroup = DF53AB18268098150087A86B;
			productRefGroup = DF53AB22268098150087A86B /* Products */;
			projectDirPath = "";
			projectRoot = "";
			targets = (
				DF53AB20268098150087A86B /* dumpHelper */,
			);
		};
/* End PBXProject section */

/* Begin PBXSourcesBuildPhase section */
		DF53AB1D268098150087A86B /* Sources */ = {
			isa = PBXSourcesBuildPhase;
			buildActionMask = 2147483647;
			files = (
				DF02720D26833CB500676E9A /* cfi_frame_info.cc in Sources */,
				DF02721A26833CB500676E9A /* ia32_reg.c in Sources */,
				DF02721826833CB500676E9A /* x86_operand_list.c in Sources */,
				DF02723626833CB500676E9A /* stackwalker_ppc.cc in Sources */,
				DF02721626833CB500676E9A /* ia32_modrm.c in Sources */,
				DF02723426833CB500676E9A /* stackwalker_ppc64.cc in Sources */,
				DF02721526833CB500676E9A /* x86_disasm.c in Sources */,
				DF02723226833CB500676E9A /* stackwalk_common.cc in Sources */,
				DF02724226833CB500676E9A /* call_stack.cc in Sources */,
				DF02722D26833CB500676E9A /* path_helper.cc in Sources */,
				DF02721C26833CB500676E9A /* ia32_settings.c in Sources */,
				DF02722F26833CB500676E9A /* convert_old_arm64_context.cc in Sources */,
				DF02723126833CB500676E9A /* minidump_processor.cc in Sources */,
				DF02720E26833CB500676E9A /* dump_object.cc in Sources */,
				DF02723A26833CB500676E9A /* stackwalker.cc in Sources */,
				DF02721F26833CB500676E9A /* ia32_invariant.c in Sources */,
				DF02723826833CB500676E9A /* stackwalker_address_list.cc in Sources */,
				DF02722B26833CB500676E9A /* exploitability_win.cc in Sources */,
				DF02722426833CB500676E9A /* sender_mac.cc in Sources */,
				DF02722926833CB500676E9A /* stack_frame_symbolizer.cc in Sources */,
				DF02723F26833CB500676E9A /* symbolic_constants_win.cc in Sources */,
				DF02720F26833CB500676E9A /* minidump.cc in Sources */,
				DF02721E26833CB500676E9A /* x86_imm.c in Sources */,
				DF02722726833CB500676E9A /* exploitability.cc in Sources */,
				DF02723E26833CB500676E9A /* source_line_resolver_base.cc in Sources */,
				DF02722026833CB500676E9A /* x86_insn.c in Sources */,
				DF02722826833CB500676E9A /* simple_symbol_supplier.cc in Sources */,
				DF02721926833CB500676E9A /* ia32_insn.c in Sources */,
				DF02721D26833CB500676E9A /* ia32_opcode_tables.c in Sources */,
				DF02724026833CB500676E9A /* basic_code_modules.cc in Sources */,
				DF02723D26833CB500676E9A /* basic_source_line_resolver.cc in Sources */,
				DF02723026833CB500676E9A /* stack_frame_cpu.cc in Sources */,
				DF02721326833CB500676E9A /* x86_format.c in Sources */,
				DF02721B26833CB500676E9A /* ia32_implicit.c in Sources */,
				DF02723526833CB500676E9A /* stackwalker_sparc.cc in Sources */,
				DF02722626833CB500676E9A /* process_state.cc in Sources */,
				DF02721726833CB500676E9A /* ia32_operand.c in Sources */,
				DF02723926833CB500676E9A /* stackwalker_arm.cc in Sources */,
				DF02721226833CB500676E9A /* dump_context.cc in Sources */,
				DF02722A26833CB500676E9A /* dump_helper.cc in Sources */,
				DF02724126833CB500676E9A /* proc_maps_linux.cc in Sources */,
				DF02721026833CB500676E9A /* tokenize.cc in Sources */,
				DF02721426833CB500676E9A /* x86_misc.c in Sources */,
				DF02721126833CB500676E9A /* disassembler_x86.cc in Sources */,
				DF02723726833CB500676E9A /* stackwalker_amd64.cc in Sources */,
				DF02723B26833CB500676E9A /* stackwalker_mips.cc in Sources */,
				DF02723C26833CB500676E9A /* stackwalker_x86.cc in Sources */,
				DF02722E26833CB500676E9A /* logging.cc in Sources */,
				DF02723326833CB500676E9A /* stackwalker_arm64.cc in Sources */,
				DF02720C26833CB500676E9A /* exploitability_linux.cc in Sources */,
			);
			runOnlyForDeploymentPostprocessing = 0;
		};
/* End PBXSourcesBuildPhase section */

/* Begin XCBuildConfiguration section */
		DF53AB26268098150087A86B /* Debug */ = {
			isa = XCBuildConfiguration;
			buildSettings = {
				ALWAYS_SEARCH_USER_PATHS = NO;
				CLANG_ANALYZER_NONNULL = YES;
				CLANG_ANALYZER_NUMBER_OBJECT_CONVERSION = YES_AGGRESSIVE;
				CLANG_CXX_LANGUAGE_STANDARD = "gnu++14";
				CLANG_CXX_LIBRARY = "libc++";
				CLANG_ENABLE_MODULES = YES;
				CLANG_ENABLE_OBJC_ARC = YES;
				CLANG_ENABLE_OBJC_WEAK = YES;
				CLANG_WARN_BLOCK_CAPTURE_AUTORELEASING = YES;
				CLANG_WARN_BOOL_CONVERSION = YES;
				CLANG_WARN_COMMA = YES;
				CLANG_WARN_CONSTANT_CONVERSION = YES;
				CLANG_WARN_DEPRECATED_OBJC_IMPLEMENTATIONS = YES;
				CLANG_WARN_DIRECT_OBJC_ISA_USAGE = YES_ERROR;
				CLANG_WARN_DOCUMENTATION_COMMENTS = YES;
				CLANG_WARN_EMPTY_BODY = YES;
				CLANG_WARN_ENUM_CONVERSION = YES;
				CLANG_WARN_INFINITE_RECURSION = YES;
				CLANG_WARN_INT_CONVERSION = YES;
				CLANG_WARN_NON_LITERAL_NULL_CONVERSION = YES;
				CLANG_WARN_OBJC_IMPLICIT_RETAIN_SELF = YES;
				CLANG_WARN_OBJC_LITERAL_CONVERSION = YES;
				CLANG_WARN_OBJC_ROOT_CLASS = YES_ERROR;
				CLANG_WARN_QUOTED_INCLUDE_IN_FRAMEWORK_HEADER = YES;
				CLANG_WARN_RANGE_LOOP_ANALYSIS = YES;
				CLANG_WARN_STRICT_PROTOTYPES = YES;
				CLANG_WARN_SUSPICIOUS_MOVE = YES;
				CLANG_WARN_UNGUARDED_AVAILABILITY = YES_AGGRESSIVE;
				CLANG_WARN_UNREACHABLE_CODE = YES;
				CLANG_WARN__DUPLICATE_METHOD_MATCH = YES;
				COPY_PHASE_STRIP = NO;
				DEBUG_INFORMATION_FORMAT = dwarf;
				ENABLE_STRICT_OBJC_MSGSEND = YES;
				ENABLE_TESTABILITY = YES;
				GCC_C_LANGUAGE_STANDARD = gnu11;
				GCC_DYNAMIC_NO_PIC = NO;
				GCC_NO_COMMON_BLOCKS = YES;
				GCC_OPTIMIZATION_LEVEL = 0;
				GCC_PREPROCESSOR_DEFINITIONS = (
					"DEBUG=1",
					"$(inherited)",
				);
				GCC_WARN_64_TO_32_BIT_CONVERSION = YES;
				GCC_WARN_ABOUT_RETURN_TYPE = YES_ERROR;
				GCC_WARN_UNDECLARED_SELECTOR = YES;
				GCC_WARN_UNINITIALIZED_AUTOS = YES_AGGRESSIVE;
				GCC_WARN_UNUSED_FUNCTION = YES;
				GCC_WARN_UNUSED_VARIABLE = YES;
				MACOSX_DEPLOYMENT_TARGET = 10.15;
				MTL_ENABLE_DEBUG_INFO = INCLUDE_SOURCE;
				MTL_FAST_MATH = YES;
				ONLY_ACTIVE_ARCH = YES;
				SDKROOT = macosx;
			};
			name = Debug;
		};
		DF53AB27268098150087A86B /* Release */ = {
			isa = XCBuildConfiguration;
			buildSettings = {
				ALWAYS_SEARCH_USER_PATHS = NO;
				CLANG_ANALYZER_NONNULL = YES;
				CLANG_ANALYZER_NUMBER_OBJECT_CONVERSION = YES_AGGRESSIVE;
				CLANG_CXX_LANGUAGE_STANDARD = "gnu++14";
				CLANG_CXX_LIBRARY = "libc++";
				CLANG_ENABLE_MODULES = YES;
				CLANG_ENABLE_OBJC_ARC = YES;
				CLANG_ENABLE_OBJC_WEAK = YES;
				CLANG_WARN_BLOCK_CAPTURE_AUTORELEASING = YES;
				CLANG_WARN_BOOL_CONVERSION = YES;
				CLANG_WARN_COMMA = YES;
				CLANG_WARN_CONSTANT_CONVERSION = YES;
				CLANG_WARN_DEPRECATED_OBJC_IMPLEMENTATIONS = YES;
				CLANG_WARN_DIRECT_OBJC_ISA_USAGE = YES_ERROR;
				CLANG_WARN_DOCUMENTATION_COMMENTS = YES;
				CLANG_WARN_EMPTY_BODY = YES;
				CLANG_WARN_ENUM_CONVERSION = YES;
				CLANG_WARN_INFINITE_RECURSION = YES;
				CLANG_WARN_INT_CONVERSION = YES;
				CLANG_WARN_NON_LITERAL_NULL_CONVERSION = YES;
				CLANG_WARN_OBJC_IMPLICIT_RETAIN_SELF = YES;
				CLANG_WARN_OBJC_LITERAL_CONVERSION = YES;
				CLANG_WARN_OBJC_ROOT_CLASS = YES_ERROR;
				CLANG_WARN_QUOTED_INCLUDE_IN_FRAMEWORK_HEADER = YES;
				CLANG_WARN_RANGE_LOOP_ANALYSIS = YES;
				CLANG_WARN_STRICT_PROTOTYPES = YES;
				CLANG_WARN_SUSPICIOUS_MOVE = YES;
				CLANG_WARN_UNGUARDED_AVAILABILITY = YES_AGGRESSIVE;
				CLANG_WARN_UNREACHABLE_CODE = YES;
				CLANG_WARN__DUPLICATE_METHOD_MATCH = YES;
				COPY_PHASE_STRIP = NO;
				DEBUG_INFORMATION_FORMAT = "dwarf-with-dsym";
				ENABLE_NS_ASSERTIONS = NO;
				ENABLE_STRICT_OBJC_MSGSEND = YES;
				GCC_C_LANGUAGE_STANDARD = gnu11;
				GCC_NO_COMMON_BLOCKS = YES;
				GCC_OPTIMIZATION_LEVEL = 0;
				GCC_WARN_64_TO_32_BIT_CONVERSION = YES;
				GCC_WARN_ABOUT_RETURN_TYPE = YES_ERROR;
				GCC_WARN_UNDECLARED_SELECTOR = YES;
				GCC_WARN_UNINITIALIZED_AUTOS = YES_AGGRESSIVE;
				GCC_WARN_UNUSED_FUNCTION = YES;
				GCC_WARN_UNUSED_VARIABLE = YES;
				"HEADER_SEARCH_PATHS[arch=*]" = "$(SRCROOT)/dumpHelper";
				MACOSX_DEPLOYMENT_TARGET = 10.15;
				MTL_ENABLE_DEBUG_INFO = NO;
				MTL_FAST_MATH = YES;
				ONLY_ACTIVE_ARCH = YES;
				SDKROOT = macosx;
			};
			name = Release;
		};
		DF53AB29268098150087A86B /* Debug */ = {
			isa = XCBuildConfiguration;
			buildSettings = {
				CODE_SIGN_STYLE = Automatic;
				GCC_OPTIMIZATION_LEVEL = 0;
				LIBRARY_SEARCH_PATHS = (
					"$(inherited)",
					/usr/local/ssl/lib,
					/usr/local/curl/lib,
				);
				PRODUCT_NAME = "$(TARGET_NAME)";
			};
			name = Debug;
		};
		DF53AB2A268098150087A86B /* Release */ = {
			isa = XCBuildConfiguration;
			buildSettings = {
				CODE_SIGN_STYLE = Automatic;
				GCC_OPTIMIZATION_LEVEL = 0;
				LIBRARY_SEARCH_PATHS = (
					"$(inherited)",
					/usr/local/ssl/lib,
					/usr/local/curl/lib,
				);
				PRODUCT_NAME = "$(TARGET_NAME)";
			};
			name = Release;
		};
/* End XCBuildConfiguration section */

/* Begin XCConfigurationList section */
		DF53AB1C268098150087A86B /* Build configuration list for PBXProject "dumpHelper" */ = {
			isa = XCConfigurationList;
			buildConfigurations = (
				DF53AB26268098150087A86B /* Debug */,
				DF53AB27268098150087A86B /* Release */,
			);
			defaultConfigurationIsVisible = 0;
			defaultConfigurationName = Release;
		};
		DF53AB28268098150087A86B /* Build configuration list for PBXNativeTarget "dumpHelper" */ = {
			isa = XCConfigurationList;
			buildConfigurations = (
				DF53AB29268098150087A86B /* Debug */,
				DF53AB2A268098150087A86B /* Release */,
			);
			defaultConfigurationIsVisible = 0;
			defaultConfigurationName = Release;
		};
/* End XCConfigurationList section */
	};
	rootObject = DF53AB19268098150087A86B /* Project object */;
}
