// !$*UTF8*$!
{
	archiveVersion = 1;
	classes = {
	};
	objectVersion = 50;
	objects = {

/* Begin PBXBuildFile section */
		DF02722426833CB500676E9A /* sender_mac.cc in Sources */ = {isa = PBXBuildFile; fileRef = DF02719926833CB500676E9A /* sender_mac.cc */; };
		DF02722A26833CB500676E9A /* dump_helper.cc in Sources */ = {isa = PBXBuildFile; fileRef = DF0271AA26833CB500676E9A /* dump_helper.cc */; };
		DF02722D26833CB500676E9A /* path_helper.cc in Sources */ = {isa = PBXBuildFile; fileRef = DF0271CE26833CB500676E9A /* path_helper.cc */; };
		DF027C6C268C6EA400676E9A /* libcurl.a in Frameworks */ = {isa = PBXBuildFile; fileRef = DF027C6B268C6EA400676E9A /* libcurl.a */; };
		DF027C6E268C6EBE00676E9A /* libcrypto.a in Frameworks */ = {isa = PBXBuildFile; fileRef = DF027C6D268C6EBE00676E9A /* libcrypto.a */; };
		DF027C70268C6EDD00676E9A /* libssl.a in Frameworks */ = {isa = PBXBuildFile; fileRef = DF027C6F268C6EDD00676E9A /* libssl.a */; };
		DF027CA42693204A00676E9A /* dump_object.cc in Sources */ = {isa = PBXBuildFile; fileRef = DF027C942693204A00676E9A /* dump_object.cc */; };
		DF027CA52693204A00676E9A /* minidump.cc in Sources */ = {isa = PBXBuildFile; fileRef = DF027C952693204A00676E9A /* minidump.cc */; };
		DF027CA62693204A00676E9A /* dump_context.cc in Sources */ = {isa = PBXBuildFile; fileRef = DF027C972693204A00676E9A /* dump_context.cc */; };
		DF027CA72693204A00676E9A /* process_state.cc in Sources */ = {isa = PBXBuildFile; fileRef = DF027C9A2693204A00676E9A /* process_state.cc */; };
		DF027CA82693204A00676E9A /* convert_old_arm64_context.cc in Sources */ = {isa = PBXBuildFile; fileRef = DF027C9B2693204A00676E9A /* convert_old_arm64_context.cc */; };
		DF027CA92693204A00676E9A /* stack_frame_cpu.cc in Sources */ = {isa = PBXBuildFile; fileRef = DF027C9C2693204A00676E9A /* stack_frame_cpu.cc */; };
		DF027CAA2693204A00676E9A /* minidump_processor.cc in Sources */ = {isa = PBXBuildFile; fileRef = DF027C9D2693204A00676E9A /* minidump_processor.cc */; };
		DF027CAB2693204A00676E9A /* stackwalk_common.cc in Sources */ = {isa = PBXBuildFile; fileRef = DF027C9E2693204A00676E9A /* stackwalk_common.cc */; };
		DF027CAC2693204A00676E9A /* symbolic_constants_win.cc in Sources */ = {isa = PBXBuildFile; fileRef = DF027CA02693204A00676E9A /* symbolic_constants_win.cc */; };
		DF027CAD2693204A00676E9A /* basic_code_modules.cc in Sources */ = {isa = PBXBuildFile; fileRef = DF027CA12693204A00676E9A /* basic_code_modules.cc */; };
		DF027CAE2693204A00676E9A /* call_stack.cc in Sources */ = {isa = PBXBuildFile; fileRef = DF027CA22693204A00676E9A /* call_stack.cc */; };
		DF027CBA2693206400676E9A /* singleton.cc in Sources */ = {isa = PBXBuildFile; fileRef = DF027CB22693206400676E9A /* singleton.cc */; };
		DF027CBB2693206400676E9A /* cfi_frame_info.cc in Sources */ = {isa = PBXBuildFile; fileRef = DF027CB42693206400676E9A /* cfi_frame_info.cc */; };
		DF027CC92693207700676E9A /* stackwalker_arm64.cc in Sources */ = {isa = PBXBuildFile; fileRef = DF027CBE2693207700676E9A /* stackwalker_arm64.cc */; };
		DF027CCA2693207700676E9A /* stackwalker_amd64.cc in Sources */ = {isa = PBXBuildFile; fileRef = DF027CC02693207700676E9A /* stackwalker_amd64.cc */; };
		DF027CCB2693207700676E9A /* stackwalker_address_list.cc in Sources */ = {isa = PBXBuildFile; fileRef = DF027CC22693207700676E9A /* stackwalker_address_list.cc */; };
		DF027CCC2693207700676E9A /* stackwalker_arm.cc in Sources */ = {isa = PBXBuildFile; fileRef = DF027CC32693207700676E9A /* stackwalker_arm.cc */; };
		DF027CCD2693207700676E9A /* stackwalker.cc in Sources */ = {isa = PBXBuildFile; fileRef = DF027CC42693207700676E9A /* stackwalker.cc */; };
		DF027CCE2693207700676E9A /* stackwalker_x86.cc in Sources */ = {isa = PBXBuildFile; fileRef = DF027CC72693207700676E9A /* stackwalker_x86.cc */; };
		DF027CE826933F5600676E9A /* json_helper.cc in Sources */ = {isa = PBXBuildFile; fileRef = DF027CD726933F5600676E9A /* json_helper.cc */; };
		DF027CE926933F5600676E9A /* json_writer.cpp in Sources */ = {isa = PBXBuildFile; fileRef = DF027CD826933F5600676E9A /* json_writer.cpp */; };
		DF027CEA26933F5600676E9A /* json_reader.cpp in Sources */ = {isa = PBXBuildFile; fileRef = DF027CDD26933F5600676E9A /* json_reader.cpp */; };
		DF027CEB26933F5600676E9A /* json_value.cpp in Sources */ = {isa = PBXBuildFile; fileRef = DF027CE426933F5600676E9A /* json_value.cpp */; };
/* End PBXBuildFile section */

/* Begin PBXCopyFilesBuildPhase section */
		DF53AB1F268098150087A86B /* CopyFiles */ = {
			isa = PBXCopyFilesBuildPhase;
			buildActionMask = 2147483647;
			dstPath = /usr/share/man/man1/;
			dstSubfolderSpec = 0;
			files = (
			);
			runOnlyForDeploymentPostprocessing = 1;
		};
/* End PBXCopyFilesBuildPhase section */

/* Begin PBXFileReference section */
		DF02719926833CB500676E9A /* sender_mac.cc */ = {isa = PBXFileReference; fileEncoding = 4; lastKnownFileType = sourcecode.cpp.cpp; path = sender_mac.cc; sourceTree = "<group>"; };
		DF0271AA26833CB500676E9A /* dump_helper.cc */ = {isa = PBXFileReference; fileEncoding = 4; lastKnownFileType = sourcecode.cpp.cpp; path = dump_helper.cc; sourceTree = "<group>"; };
		DF0271AD26833CB500676E9A /* scoped_ptr.h */ = {isa = PBXFileReference; fileEncoding = 4; lastKnownFileType = sourcecode.c.h; path = scoped_ptr.h; sourceTree = "<group>"; };
		DF0271AF26833CB500676E9A /* stdio_wrapper.h */ = {isa = PBXFileReference; fileEncoding = 4; lastKnownFileType = sourcecode.c.h; path = stdio_wrapper.h; sourceTree = "<group>"; };
		DF0271B026833CB500676E9A /* md5.h */ = {isa = PBXFileReference; fileEncoding = 4; lastKnownFileType = sourcecode.c.h; path = md5.h; sourceTree = "<group>"; };
		DF0271CB26833CB500676E9A /* path_helper.h */ = {isa = PBXFileReference; fileEncoding = 4; lastKnownFileType = sourcecode.c.h; path = path_helper.h; sourceTree = "<group>"; };
		DF0271CE26833CB500676E9A /* path_helper.cc */ = {isa = PBXFileReference; fileEncoding = 4; lastKnownFileType = sourcecode.cpp.cpp; path = path_helper.cc; sourceTree = "<group>"; };
		DF0271D026833CB500676E9A /* macros.h */ = {isa = PBXFileReference; fileEncoding = 4; lastKnownFileType = sourcecode.c.h; path = macros.h; sourceTree = "<group>"; };
		DF0271D526833CB500676E9A /* minidump_cpu_arm64.h */ = {isa = PBXFileReference; fileEncoding = 4; lastKnownFileType = sourcecode.c.h; path = minidump_cpu_arm64.h; sourceTree = "<group>"; };
		DF0271D726833CB500676E9A /* minidump_format.h */ = {isa = PBXFileReference; fileEncoding = 4; lastKnownFileType = sourcecode.c.h; path = minidump_format.h; sourceTree = "<group>"; };
		DF0271D826833CB500676E9A /* minidump_exception_mac.h */ = {isa = PBXFileReference; fileEncoding = 4; lastKnownFileType = sourcecode.c.h; path = minidump_exception_mac.h; sourceTree = "<group>"; };
		DF0271DA26833CB500676E9A /* minidump_exception_win32.h */ = {isa = PBXFileReference; fileEncoding = 4; lastKnownFileType = sourcecode.c.h; path = minidump_exception_win32.h; sourceTree = "<group>"; };
		DF0271DB26833CB500676E9A /* minidump_cpu_x86.h */ = {isa = PBXFileReference; fileEncoding = 4; lastKnownFileType = sourcecode.c.h; path = minidump_cpu_x86.h; sourceTree = "<group>"; };
		DF0271DD26833CB500676E9A /* minidump_cpu_amd64.h */ = {isa = PBXFileReference; fileEncoding = 4; lastKnownFileType = sourcecode.c.h; path = minidump_cpu_amd64.h; sourceTree = "<group>"; };
		DF0271DE26833CB500676E9A /* minidump_cpu_arm.h */ = {isa = PBXFileReference; fileEncoding = 4; lastKnownFileType = sourcecode.c.h; path = minidump_cpu_arm.h; sourceTree = "<group>"; };
		DF0271E226833CB500676E9A /* breakpad_types.h */ = {isa = PBXFileReference; fileEncoding = 4; lastKnownFileType = sourcecode.c.h; path = breakpad_types.h; sourceTree = "<group>"; };
		DF027C6B268C6EA400676E9A /* libcurl.a */ = {isa = PBXFileReference; lastKnownFileType = archive.ar; name = libcurl.a; path = ../../../../../../usr/local/curl/lib/libcurl.a; sourceTree = "<group>"; };
		DF027C6D268C6EBE00676E9A /* libcrypto.a */ = {isa = PBXFileReference; lastKnownFileType = archive.ar; name = libcrypto.a; path = ../../../../../../usr/local/ssl/lib/libcrypto.a; sourceTree = "<group>"; };
		DF027C6F268C6EDD00676E9A /* libssl.a */ = {isa = PBXFileReference; lastKnownFileType = archive.ar; name = libssl.a; path = ../../../../../../usr/local/ssl/lib/libssl.a; sourceTree = "<group>"; };
		DF027C942693204A00676E9A /* dump_object.cc */ = {isa = PBXFileReference; fileEncoding = 4; lastKnownFileType = sourcecode.cpp.cpp; path = dump_object.cc; sourceTree = "<group>"; };
		DF027C952693204A00676E9A /* minidump.cc */ = {isa = PBXFileReference; fileEncoding = 4; lastKnownFileType = sourcecode.cpp.cpp; path = minidump.cc; sourceTree = "<group>"; };
		DF027C962693204A00676E9A /* convert_old_arm64_context.h */ = {isa = PBXFileReference; fileEncoding = 4; lastKnownFileType = sourcecode.c.h; path = convert_old_arm64_context.h; sourceTree = "<group>"; };
		DF027C972693204A00676E9A /* dump_context.cc */ = {isa = PBXFileReference; fileEncoding = 4; lastKnownFileType = sourcecode.cpp.cpp; path = dump_context.cc; sourceTree = "<group>"; };
		DF027C982693204A00676E9A /* basic_code_module.h */ = {isa = PBXFileReference; fileEncoding = 4; lastKnownFileType = sourcecode.c.h; path = basic_code_module.h; sourceTree = "<group>"; };
		DF027C992693204A00676E9A /* basic_code_modules.h */ = {isa = PBXFileReference; fileEncoding = 4; lastKnownFileType = sourcecode.c.h; path = basic_code_modules.h; sourceTree = "<group>"; };
		DF027C9A2693204A00676E9A /* process_state.cc */ = {isa = PBXFileReference; fileEncoding = 4; lastKnownFileType = sourcecode.cpp.cpp; path = process_state.cc; sourceTree = "<group>"; };
		DF027C9B2693204A00676E9A /* convert_old_arm64_context.cc */ = {isa = PBXFileReference; fileEncoding = 4; lastKnownFileType = sourcecode.cpp.cpp; path = convert_old_arm64_context.cc; sourceTree = "<group>"; };
		DF027C9C2693204A00676E9A /* stack_frame_cpu.cc */ = {isa = PBXFileReference; fileEncoding = 4; lastKnownFileType = sourcecode.cpp.cpp; path = stack_frame_cpu.cc; sourceTree = "<group>"; };
		DF027C9D2693204A00676E9A /* minidump_processor.cc */ = {isa = PBXFileReference; fileEncoding = 4; lastKnownFileType = sourcecode.cpp.cpp; path = minidump_processor.cc; sourceTree = "<group>"; };
		DF027C9E2693204A00676E9A /* stackwalk_common.cc */ = {isa = PBXFileReference; fileEncoding = 4; lastKnownFileType = sourcecode.cpp.cpp; path = stackwalk_common.cc; sourceTree = "<group>"; };
		DF027C9F2693204A00676E9A /* symbolic_constants_win.h */ = {isa = PBXFileReference; fileEncoding = 4; lastKnownFileType = sourcecode.c.h; path = symbolic_constants_win.h; sourceTree = "<group>"; };
		DF027CA02693204A00676E9A /* symbolic_constants_win.cc */ = {isa = PBXFileReference; fileEncoding = 4; lastKnownFileType = sourcecode.cpp.cpp; path = symbolic_constants_win.cc; sourceTree = "<group>"; };
		DF027CA12693204A00676E9A /* basic_code_modules.cc */ = {isa = PBXFileReference; fileEncoding = 4; lastKnownFileType = sourcecode.cpp.cpp; path = basic_code_modules.cc; sourceTree = "<group>"; };
		DF027CA22693204A00676E9A /* call_stack.cc */ = {isa = PBXFileReference; fileEncoding = 4; lastKnownFileType = sourcecode.cpp.cpp; path = call_stack.cc; sourceTree = "<group>"; };
		DF027CA32693204A00676E9A /* stackwalk_common.h */ = {isa = PBXFileReference; fileEncoding = 4; lastKnownFileType = sourcecode.c.h; path = stackwalk_common.h; sourceTree = "<group>"; };
		DF027CB02693206400676E9A /* cfi_frame_info.h */ = {isa = PBXFileReference; fileEncoding = 4; lastKnownFileType = sourcecode.c.h; path = cfi_frame_info.h; sourceTree = "<group>"; };
		DF027CB12693206400676E9A /* cfi_frame_info-inl.h */ = {isa = PBXFileReference; fileEncoding = 4; lastKnownFileType = sourcecode.c.h; path = "cfi_frame_info-inl.h"; sourceTree = "<group>"; };
		DF027CB22693206400676E9A /* singleton.cc */ = {isa = PBXFileReference; fileEncoding = 4; lastKnownFileType = sourcecode.cpp.cpp; path = singleton.cc; sourceTree = "<group>"; };
		DF027CB32693206400676E9A /* linked_ptr.h */ = {isa = PBXFileReference; fileEncoding = 4; lastKnownFileType = sourcecode.c.h; path = linked_ptr.h; sourceTree = "<group>"; };
		DF027CB42693206400676E9A /* cfi_frame_info.cc */ = {isa = PBXFileReference; fileEncoding = 4; lastKnownFileType = sourcecode.cpp.cpp; path = cfi_frame_info.cc; sourceTree = "<group>"; };
		DF027CB52693206400676E9A /* postfix_evaluator.h */ = {isa = PBXFileReference; fileEncoding = 4; lastKnownFileType = sourcecode.c.h; path = postfix_evaluator.h; sourceTree = "<group>"; };
		DF027CB62693206400676E9A /* range_map-inl.h */ = {isa = PBXFileReference; fileEncoding = 4; lastKnownFileType = sourcecode.c.h; path = "range_map-inl.h"; sourceTree = "<group>"; };
		DF027CB72693206400676E9A /* postfix_evaluator-inl.h */ = {isa = PBXFileReference; fileEncoding = 4; lastKnownFileType = sourcecode.c.h; path = "postfix_evaluator-inl.h"; sourceTree = "<group>"; };
		DF027CB82693206400676E9A /* range_map.h */ = {isa = PBXFileReference; fileEncoding = 4; lastKnownFileType = sourcecode.c.h; path = range_map.h; sourceTree = "<group>"; };
		DF027CB92693206400676E9A /* singleton.h */ = {isa = PBXFileReference; fileEncoding = 4; lastKnownFileType = sourcecode.c.h; path = singleton.h; sourceTree = "<group>"; };
		DF027CBE2693207700676E9A /* stackwalker_arm64.cc */ = {isa = PBXFileReference; fileEncoding = 4; lastKnownFileType = sourcecode.cpp.cpp; path = stackwalker_arm64.cc; sourceTree = "<group>"; };
		DF027CBF2693207700676E9A /* stackwalker_arm64.h */ = {isa = PBXFileReference; fileEncoding = 4; lastKnownFileType = sourcecode.c.h; path = stackwalker_arm64.h; sourceTree = "<group>"; };
		DF027CC02693207700676E9A /* stackwalker_amd64.cc */ = {isa = PBXFileReference; fileEncoding = 4; lastKnownFileType = sourcecode.cpp.cpp; path = stackwalker_amd64.cc; sourceTree = "<group>"; };
		DF027CC12693207700676E9A /* stackwalker_address_list.h */ = {isa = PBXFileReference; fileEncoding = 4; lastKnownFileType = sourcecode.c.h; path = stackwalker_address_list.h; sourceTree = "<group>"; };
		DF027CC22693207700676E9A /* stackwalker_address_list.cc */ = {isa = PBXFileReference; fileEncoding = 4; lastKnownFileType = sourcecode.cpp.cpp; path = stackwalker_address_list.cc; sourceTree = "<group>"; };
		DF027CC32693207700676E9A /* stackwalker_arm.cc */ = {isa = PBXFileReference; fileEncoding = 4; lastKnownFileType = sourcecode.cpp.cpp; path = stackwalker_arm.cc; sourceTree = "<group>"; };
		DF027CC42693207700676E9A /* stackwalker.cc */ = {isa = PBXFileReference; fileEncoding = 4; lastKnownFileType = sourcecode.cpp.cpp; path = stackwalker.cc; sourceTree = "<group>"; };
		DF027CC52693207700676E9A /* stackwalker_amd64.h */ = {isa = PBXFileReference; fileEncoding = 4; lastKnownFileType = sourcecode.c.h; path = stackwalker_amd64.h; sourceTree = "<group>"; };
		DF027CC62693207700676E9A /* stackwalker_arm.h */ = {isa = PBXFileReference; fileEncoding = 4; lastKnownFileType = sourcecode.c.h; path = stackwalker_arm.h; sourceTree = "<group>"; };
		DF027CC72693207700676E9A /* stackwalker_x86.cc */ = {isa = PBXFileReference; fileEncoding = 4; lastKnownFileType = sourcecode.cpp.cpp; path = stackwalker_x86.cc; sourceTree = "<group>"; };
		DF027CC82693207700676E9A /* stackwalker_x86.h */ = {isa = PBXFileReference; fileEncoding = 4; lastKnownFileType = sourcecode.c.h; path = stackwalker_x86.h; sourceTree = "<group>"; };
		DF027CD0269320AF00676E9A /* sender.h */ = {isa = PBXFileReference; fileEncoding = 4; lastKnownFileType = sourcecode.c.h; path = sender.h; sourceTree = "<group>"; };
		DF027CD426933F4700676E9A /* memory_region.h */ = {isa = PBXFileReference; fileEncoding = 4; lastKnownFileType = sourcecode.c.h; path = memory_region.h; sourceTree = "<group>"; };
		DF027CD526933F4700676E9A /* system_info.h */ = {isa = PBXFileReference; fileEncoding = 4; lastKnownFileType = sourcecode.c.h; path = system_info.h; sourceTree = "<group>"; };
		DF027CD726933F5600676E9A /* json_helper.cc */ = {isa = PBXFileReference; fileEncoding = 4; lastKnownFileType = sourcecode.cpp.cpp; path = json_helper.cc; sourceTree = "<group>"; };
		DF027CD826933F5600676E9A /* json_writer.cpp */ = {isa = PBXFileReference; fileEncoding = 4; lastKnownFileType = sourcecode.cpp.cpp; path = json_writer.cpp; sourceTree = "<group>"; };
		DF027CD926933F5600676E9A /* reader.h */ = {isa = PBXFileReference; fileEncoding = 4; lastKnownFileType = sourcecode.c.h; path = reader.h; sourceTree = "<group>"; };
		DF027CDA26933F5600676E9A /* version.h */ = {isa = PBXFileReference; fileEncoding = 4; lastKnownFileType = sourcecode.c.h; path = version.h; sourceTree = "<group>"; };
		DF027CDB26933F5600676E9A /* assertions.h */ = {isa = PBXFileReference; fileEncoding = 4; lastKnownFileType = sourcecode.c.h; path = assertions.h; sourceTree = "<group>"; };
		DF027CDC26933F5600676E9A /* config.h */ = {isa = PBXFileReference; fileEncoding = 4; lastKnownFileType = sourcecode.c.h; path = config.h; sourceTree = "<group>"; };
		DF027CDD26933F5600676E9A /* json_reader.cpp */ = {isa = PBXFileReference; fileEncoding = 4; lastKnownFileType = sourcecode.cpp.cpp; path = json_reader.cpp; sourceTree = "<group>"; };
		DF027CDE26933F5600676E9A /* json_helper.h */ = {isa = PBXFileReference; fileEncoding = 4; lastKnownFileType = sourcecode.c.h; path = json_helper.h; sourceTree = "<group>"; };
		DF027CDF26933F5600676E9A /* value.h */ = {isa = PBXFileReference; fileEncoding = 4; lastKnownFileType = sourcecode.c.h; path = value.h; sourceTree = "<group>"; };
		DF027CE026933F5600676E9A /* json_tool.h */ = {isa = PBXFileReference; fileEncoding = 4; lastKnownFileType = sourcecode.c.h; path = json_tool.h; sourceTree = "<group>"; };
		DF027CE126933F5600676E9A /* allocator.h */ = {isa = PBXFileReference; fileEncoding = 4; lastKnownFileType = sourcecode.c.h; path = allocator.h; sourceTree = "<group>"; };
		DF027CE226933F5600676E9A /* json.h */ = {isa = PBXFileReference; fileEncoding = 4; lastKnownFileType = sourcecode.c.h; path = json.h; sourceTree = "<group>"; };
		DF027CE326933F5600676E9A /* writer.h */ = {isa = PBXFileReference; fileEncoding = 4; lastKnownFileType = sourcecode.c.h; path = writer.h; sourceTree = "<group>"; };
		DF027CE426933F5600676E9A /* json_value.cpp */ = {isa = PBXFileReference; fileEncoding = 4; lastKnownFileType = sourcecode.cpp.cpp; path = json_value.cpp; sourceTree = "<group>"; };
		DF027CE526933F5600676E9A /* json_features.h */ = {isa = PBXFileReference; fileEncoding = 4; lastKnownFileType = sourcecode.c.h; path = json_features.h; sourceTree = "<group>"; };
		DF027CE626933F5600676E9A /* json_valueiterator.inl */ = {isa = PBXFileReference; fileEncoding = 4; lastKnownFileType = text; path = json_valueiterator.inl; sourceTree = "<group>"; };
		DF027CE726933F5600676E9A /* forwards.h */ = {isa = PBXFileReference; fileEncoding = 4; lastKnownFileType = sourcecode.c.h; path = forwards.h; sourceTree = "<group>"; };
		DF53AB21268098150087A86B /* dumpHelper */ = {isa = PBXFileReference; explicitFileType = "compiled.mach-o.executable"; includeInIndex = 0; path = dumpHelper; sourceTree = BUILT_PRODUCTS_DIR; };
/* End PBXFileReference section */

/* Begin PBXFrameworksBuildPhase section */
		DF53AB1E268098150087A86B /* Frameworks */ = {
			isa = PBXFrameworksBuildPhase;
			buildActionMask = 2147483647;
			files = (
				DF027C70268C6EDD00676E9A /* libssl.a in Frameworks */,
				DF027C6E268C6EBE00676E9A /* libcrypto.a in Frameworks */,
				DF027C6C268C6EA400676E9A /* libcurl.a in Frameworks */,
			);
			runOnlyForDeploymentPostprocessing = 0;
		};
/* End PBXFrameworksBuildPhase section */

/* Begin PBXGroup section */
		DF02715A26833CB500676E9A /* dumpHelper */ = {
			isa = PBXGroup;
			children = (
				DF027CD626933F5600676E9A /* json */,
				DF027CBD2693207700676E9A /* walker */,
				DF027C932693204A00676E9A /* parser */,
				DF0271AC26833CB500676E9A /* common */,
				DF0271AA26833CB500676E9A /* dump_helper.cc */,
				DF02719026833CB500676E9A /* sender */,
			);
			path = dumpHelper;
			sourceTree = "<group>";
		};
		DF02719026833CB500676E9A /* sender */ = {
			isa = PBXGroup;
			children = (
				DF027CD0269320AF00676E9A /* sender.h */,
				DF02719926833CB500676E9A /* sender_mac.cc */,
			);
			path = sender;
			sourceTree = "<group>";
		};
		DF0271AC26833CB500676E9A /* common */ = {
			isa = PBXGroup;
			children = (
				DF027CD426933F4700676E9A /* memory_region.h */,
				DF027CD526933F4700676E9A /* system_info.h */,
				DF027CB12693206400676E9A /* cfi_frame_info-inl.h */,
				DF027CB42693206400676E9A /* cfi_frame_info.cc */,
				DF027CB02693206400676E9A /* cfi_frame_info.h */,
				DF027CB32693206400676E9A /* linked_ptr.h */,
				DF027CB72693206400676E9A /* postfix_evaluator-inl.h */,
				DF027CB52693206400676E9A /* postfix_evaluator.h */,
				DF027CB62693206400676E9A /* range_map-inl.h */,
				DF027CB82693206400676E9A /* range_map.h */,
				DF027CB22693206400676E9A /* singleton.cc */,
				DF027CB92693206400676E9A /* singleton.h */,
				DF0271AD26833CB500676E9A /* scoped_ptr.h */,
				DF0271AF26833CB500676E9A /* stdio_wrapper.h */,
				DF0271B026833CB500676E9A /* md5.h */,
				DF0271CB26833CB500676E9A /* path_helper.h */,
				DF0271CE26833CB500676E9A /* path_helper.cc */,
				DF0271D026833CB500676E9A /* macros.h */,
				DF0271D226833CB500676E9A /* minidump */,
			);
			path = common;
			sourceTree = "<group>";
		};
		DF0271D226833CB500676E9A /* minidump */ = {
			isa = PBXGroup;
			children = (
				DF0271D526833CB500676E9A /* minidump_cpu_arm64.h */,
				DF0271D726833CB500676E9A /* minidump_format.h */,
				DF0271D826833CB500676E9A /* minidump_exception_mac.h */,
				DF0271DA26833CB500676E9A /* minidump_exception_win32.h */,
				DF0271DB26833CB500676E9A /* minidump_cpu_x86.h */,
				DF0271DD26833CB500676E9A /* minidump_cpu_amd64.h */,
				DF0271DE26833CB500676E9A /* minidump_cpu_arm.h */,
				DF0271E226833CB500676E9A /* breakpad_types.h */,
			);
			path = minidump;
			sourceTree = "<group>";
		};
		DF027C932693204A00676E9A /* parser */ = {
			isa = PBXGroup;
			children = (
				DF027C942693204A00676E9A /* dump_object.cc */,
				DF027C952693204A00676E9A /* minidump.cc */,
				DF027C962693204A00676E9A /* convert_old_arm64_context.h */,
				DF027C972693204A00676E9A /* dump_context.cc */,
				DF027C982693204A00676E9A /* basic_code_module.h */,
				DF027C992693204A00676E9A /* basic_code_modules.h */,
				DF027C9A2693204A00676E9A /* process_state.cc */,
				DF027C9B2693204A00676E9A /* convert_old_arm64_context.cc */,
				DF027C9C2693204A00676E9A /* stack_frame_cpu.cc */,
				DF027C9D2693204A00676E9A /* minidump_processor.cc */,
				DF027C9E2693204A00676E9A /* stackwalk_common.cc */,
				DF027C9F2693204A00676E9A /* symbolic_constants_win.h */,
				DF027CA02693204A00676E9A /* symbolic_constants_win.cc */,
				DF027CA12693204A00676E9A /* basic_code_modules.cc */,
				DF027CA22693204A00676E9A /* call_stack.cc */,
				DF027CA32693204A00676E9A /* stackwalk_common.h */,
			);
			path = parser;
			sourceTree = "<group>";
		};
		DF027CBD2693207700676E9A /* walker */ = {
			isa = PBXGroup;
			children = (
				DF027CBE2693207700676E9A /* stackwalker_arm64.cc */,
				DF027CBF2693207700676E9A /* stackwalker_arm64.h */,
				DF027CC02693207700676E9A /* stackwalker_amd64.cc */,
				DF027CC12693207700676E9A /* stackwalker_address_list.h */,
				DF027CC22693207700676E9A /* stackwalker_address_list.cc */,
				DF027CC32693207700676E9A /* stackwalker_arm.cc */,
				DF027CC42693207700676E9A /* stackwalker.cc */,
				DF027CC52693207700676E9A /* stackwalker_amd64.h */,
				DF027CC62693207700676E9A /* stackwalker_arm.h */,
				DF027CC72693207700676E9A /* stackwalker_x86.cc */,
				DF027CC82693207700676E9A /* stackwalker_x86.h */,
			);
			path = walker;
			sourceTree = "<group>";
		};
		DF027CD626933F5600676E9A /* json */ = {
			isa = PBXGroup;
			children = (
				DF027CD726933F5600676E9A /* json_helper.cc */,
				DF027CD826933F5600676E9A /* json_writer.cpp */,
				DF027CD926933F5600676E9A /* reader.h */,
				DF027CDA26933F5600676E9A /* version.h */,
				DF027CDB26933F5600676E9A /* assertions.h */,
				DF027CDC26933F5600676E9A /* config.h */,
				DF027CDD26933F5600676E9A /* json_reader.cpp */,
				DF027CDE26933F5600676E9A /* json_helper.h */,
				DF027CDF26933F5600676E9A /* value.h */,
				DF027CE026933F5600676E9A /* json_tool.h */,
				DF027CE126933F5600676E9A /* allocator.h */,
				DF027CE226933F5600676E9A /* json.h */,
				DF027CE326933F5600676E9A /* writer.h */,
				DF027CE426933F5600676E9A /* json_value.cpp */,
				DF027CE526933F5600676E9A /* json_features.h */,
				DF027CE626933F5600676E9A /* json_valueiterator.inl */,
				DF027CE726933F5600676E9A /* forwards.h */,
			);
			path = json;
			sourceTree = "<group>";
		};
		DF53AB18268098150087A86B = {
			isa = PBXGroup;
			children = (
				DF02715A26833CB500676E9A /* dumpHelper */,
				DF53AB22268098150087A86B /* Products */,
				DF53B06E26833A100087A86B /* Frameworks */,
			);
			sourceTree = "<group>";
		};
		DF53AB22268098150087A86B /* Products */ = {
			isa = PBXGroup;
			children = (
				DF53AB21268098150087A86B /* dumpHelper */,
			);
			name = Products;
			sourceTree = "<group>";
		};
		DF53B06E26833A100087A86B /* Frameworks */ = {
			isa = PBXGroup;
			children = (
				DF027C6F268C6EDD00676E9A /* libssl.a */,
				DF027C6D268C6EBE00676E9A /* libcrypto.a */,
				DF027C6B268C6EA400676E9A /* libcurl.a */,
			);
			name = Frameworks;
			sourceTree = "<group>";
		};
/* End PBXGroup section */

/* Begin PBXNativeTarget section */
		DF53AB20268098150087A86B /* dumpHelper */ = {
			isa = PBXNativeTarget;
			buildConfigurationList = DF53AB28268098150087A86B /* Build configuration list for PBXNativeTarget "dumpHelper" */;
			buildPhases = (
				DF53AB1D268098150087A86B /* Sources */,
				DF53AB1E268098150087A86B /* Frameworks */,
				DF53AB1F268098150087A86B /* CopyFiles */,
			);
			buildRules = (
			);
			dependencies = (
			);
			name = dumpHelper;
			productName = dumpHelper;
			productReference = DF53AB21268098150087A86B /* dumpHelper */;
			productType = "com.apple.product-type.tool";
		};
/* End PBXNativeTarget section */

/* Begin PBXProject section */
		DF53AB19268098150087A86B /* Project object */ = {
			isa = PBXProject;
			attributes = {
				LastUpgradeCheck = 1240;
				TargetAttributes = {
					DF53AB20268098150087A86B = {
						CreatedOnToolsVersion = 12.4;
					};
				};
			};
			buildConfigurationList = DF53AB1C268098150087A86B /* Build configuration list for PBXProject "dumpHelper" */;
			compatibilityVersion = "Xcode 9.3";
			developmentRegion = en;
			hasScannedForEncodings = 0;
			knownRegions = (
				en,
				Base,
			);
			mainGroup = DF53AB18268098150087A86B;
			productRefGroup = DF53AB22268098150087A86B /* Products */;
			projectDirPath = "";
			projectRoot = "";
			targets = (
				DF53AB20268098150087A86B /* dumpHelper */,
			);
		};
/* End PBXProject section */

/* Begin PBXSourcesBuildPhase section */
		DF53AB1D268098150087A86B /* Sources */ = {
			isa = PBXSourcesBuildPhase;
			buildActionMask = 2147483647;
			files = (
				DF027CEA26933F5600676E9A /* json_reader.cpp in Sources */,
				DF027CBB2693206400676E9A /* cfi_frame_info.cc in Sources */,
				DF027CCD2693207700676E9A /* stackwalker.cc in Sources */,
				DF027CCB2693207700676E9A /* stackwalker_address_list.cc in Sources */,
				DF027CBA2693206400676E9A /* singleton.cc in Sources */,
				DF027CA92693204A00676E9A /* stack_frame_cpu.cc in Sources */,
				DF027CE826933F5600676E9A /* json_helper.cc in Sources */,
				DF027CEB26933F5600676E9A /* json_value.cpp in Sources */,
				DF027CAE2693204A00676E9A /* call_stack.cc in Sources */,
				DF027CA52693204A00676E9A /* minidump.cc in Sources */,
				DF027CAB2693204A00676E9A /* stackwalk_common.cc in Sources */,
				DF02722D26833CB500676E9A /* path_helper.cc in Sources */,
				DF027CA62693204A00676E9A /* dump_context.cc in Sources */,
				DF027CAC2693204A00676E9A /* symbolic_constants_win.cc in Sources */,
				DF027CAA2693204A00676E9A /* minidump_processor.cc in Sources */,
				DF027CCE2693207700676E9A /* stackwalker_x86.cc in Sources */,
				DF02722426833CB500676E9A /* sender_mac.cc in Sources */,
				DF027CA82693204A00676E9A /* convert_old_arm64_context.cc in Sources */,
				DF027CCC2693207700676E9A /* stackwalker_arm.cc in Sources */,
				DF027CA42693204A00676E9A /* dump_object.cc in Sources */,
				DF027CCA2693207700676E9A /* stackwalker_amd64.cc in Sources */,
				DF027CAD2693204A00676E9A /* basic_code_modules.cc in Sources */,
				DF027CC92693207700676E9A /* stackwalker_arm64.cc in Sources */,
				DF02722A26833CB500676E9A /* dump_helper.cc in Sources */,
				DF027CE926933F5600676E9A /* json_writer.cpp in Sources */,
				DF027CA72693204A00676E9A /* process_state.cc in Sources */,
			);
			runOnlyForDeploymentPostprocessing = 0;
		};
/* End PBXSourcesBuildPhase section */

/* Begin XCBuildConfiguration section */
		DF53AB26268098150087A86B /* Debug */ = {
			isa = XCBuildConfiguration;
			buildSettings = {
				ALWAYS_SEARCH_USER_PATHS = NO;
				CLANG_ANALYZER_NONNULL = YES;
				CLANG_ANALYZER_NUMBER_OBJECT_CONVERSION = YES_AGGRESSIVE;
				CLANG_CXX_LANGUAGE_STANDARD = "gnu++14";
				CLANG_CXX_LIBRARY = "libc++";
				CLANG_ENABLE_MODULES = YES;
				CLANG_ENABLE_OBJC_ARC = YES;
				CLANG_ENABLE_OBJC_WEAK = YES;
				CLANG_WARN_BLOCK_CAPTURE_AUTORELEASING = YES;
				CLANG_WARN_BOOL_CONVERSION = YES;
				CLANG_WARN_COMMA = YES;
				CLANG_WARN_CONSTANT_CONVERSION = YES;
				CLANG_WARN_DEPRECATED_OBJC_IMPLEMENTATIONS = YES;
				CLANG_WARN_DIRECT_OBJC_ISA_USAGE = YES_ERROR;
				CLANG_WARN_DOCUMENTATION_COMMENTS = YES;
				CLANG_WARN_EMPTY_BODY = YES;
				CLANG_WARN_ENUM_CONVERSION = YES;
				CLANG_WARN_INFINITE_RECURSION = YES;
				CLANG_WARN_INT_CONVERSION = YES;
				CLANG_WARN_NON_LITERAL_NULL_CONVERSION = YES;
				CLANG_WARN_OBJC_IMPLICIT_RETAIN_SELF = YES;
				CLANG_WARN_OBJC_LITERAL_CONVERSION = YES;
				CLANG_WARN_OBJC_ROOT_CLASS = YES_ERROR;
				CLANG_WARN_QUOTED_INCLUDE_IN_FRAMEWORK_HEADER = YES;
				CLANG_WARN_RANGE_LOOP_ANALYSIS = YES;
				CLANG_WARN_STRICT_PROTOTYPES = YES;
				CLANG_WARN_SUSPICIOUS_MOVE = YES;
				CLANG_WARN_UNGUARDED_AVAILABILITY = YES_AGGRESSIVE;
				CLANG_WARN_UNREACHABLE_CODE = YES;
				CLANG_WARN__DUPLICATE_METHOD_MATCH = YES;
				COPY_PHASE_STRIP = NO;
				DEBUG_INFORMATION_FORMAT = dwarf;
				ENABLE_STRICT_OBJC_MSGSEND = YES;
				ENABLE_TESTABILITY = YES;
				GCC_C_LANGUAGE_STANDARD = gnu11;
				GCC_DYNAMIC_NO_PIC = NO;
				GCC_NO_COMMON_BLOCKS = YES;
				GCC_OPTIMIZATION_LEVEL = s;
				GCC_PREPROCESSOR_DEFINITIONS = (
					"DEBUG=1",
					"$(inherited)",
				);
				GCC_WARN_64_TO_32_BIT_CONVERSION = YES;
				GCC_WARN_ABOUT_RETURN_TYPE = YES_ERROR;
				GCC_WARN_UNDECLARED_SELECTOR = YES;
				GCC_WARN_UNINITIALIZED_AUTOS = YES_AGGRESSIVE;
				GCC_WARN_UNUSED_FUNCTION = YES;
				GCC_WARN_UNUSED_VARIABLE = YES;
				MACOSX_DEPLOYMENT_TARGET = 10.15;
				MTL_ENABLE_DEBUG_INFO = INCLUDE_SOURCE;
				MTL_FAST_MATH = YES;
				ONLY_ACTIVE_ARCH = YES;
				SDKROOT = macosx;
			};
			name = Debug;
		};
		DF53AB27268098150087A86B /* Release */ = {
			isa = XCBuildConfiguration;
			buildSettings = {
				ALWAYS_SEARCH_USER_PATHS = NO;
				CLANG_ANALYZER_NONNULL = YES;
				CLANG_ANALYZER_NUMBER_OBJECT_CONVERSION = YES_AGGRESSIVE;
				CLANG_CXX_LANGUAGE_STANDARD = "gnu++14";
				CLANG_CXX_LIBRARY = "libc++";
				CLANG_ENABLE_MODULES = YES;
				CLANG_ENABLE_OBJC_ARC = YES;
				CLANG_ENABLE_OBJC_WEAK = YES;
				CLANG_WARN_BLOCK_CAPTURE_AUTORELEASING = YES;
				CLANG_WARN_BOOL_CONVERSION = YES;
				CLANG_WARN_COMMA = YES;
				CLANG_WARN_CONSTANT_CONVERSION = YES;
				CLANG_WARN_DEPRECATED_OBJC_IMPLEMENTATIONS = YES;
				CLANG_WARN_DIRECT_OBJC_ISA_USAGE = YES_ERROR;
				CLANG_WARN_DOCUMENTATION_COMMENTS = YES;
				CLANG_WARN_EMPTY_BODY = YES;
				CLANG_WARN_ENUM_CONVERSION = YES;
				CLANG_WARN_INFINITE_RECURSION = YES;
				CLANG_WARN_INT_CONVERSION = YES;
				CLANG_WARN_NON_LITERAL_NULL_CONVERSION = YES;
				CLANG_WARN_OBJC_IMPLICIT_RETAIN_SELF = YES;
				CLANG_WARN_OBJC_LITERAL_CONVERSION = YES;
				CLANG_WARN_OBJC_ROOT_CLASS = YES_ERROR;
				CLANG_WARN_QUOTED_INCLUDE_IN_FRAMEWORK_HEADER = YES;
				CLANG_WARN_RANGE_LOOP_ANALYSIS = YES;
				CLANG_WARN_STRICT_PROTOTYPES = YES;
				CLANG_WARN_SUSPICIOUS_MOVE = YES;
				CLANG_WARN_UNGUARDED_AVAILABILITY = YES_AGGRESSIVE;
				CLANG_WARN_UNREACHABLE_CODE = YES;
				CLANG_WARN__DUPLICATE_METHOD_MATCH = YES;
				COPY_PHASE_STRIP = NO;
				DEBUG_INFORMATION_FORMAT = "dwarf-with-dsym";
				ENABLE_NS_ASSERTIONS = NO;
				ENABLE_STRICT_OBJC_MSGSEND = YES;
				GCC_C_LANGUAGE_STANDARD = gnu11;
				GCC_NO_COMMON_BLOCKS = YES;
				GCC_OPTIMIZATION_LEVEL = s;
				GCC_WARN_64_TO_32_BIT_CONVERSION = YES;
				GCC_WARN_ABOUT_RETURN_TYPE = YES_ERROR;
				GCC_WARN_UNDECLARED_SELECTOR = YES;
				GCC_WARN_UNINITIALIZED_AUTOS = YES_AGGRESSIVE;
				GCC_WARN_UNUSED_FUNCTION = YES;
				GCC_WARN_UNUSED_VARIABLE = YES;
				"HEADER_SEARCH_PATHS[arch=*]" = "$(SRCROOT)/dumpHelper";
				MACOSX_DEPLOYMENT_TARGET = 10.15;
				MTL_ENABLE_DEBUG_INFO = NO;
				MTL_FAST_MATH = YES;
				ONLY_ACTIVE_ARCH = YES;
				SDKROOT = macosx;
			};
			name = Release;
		};
		DF53AB29268098150087A86B /* Debug */ = {
			isa = XCBuildConfiguration;
			buildSettings = {
				CODE_SIGN_STYLE = Automatic;
				DEPLOYMENT_POSTPROCESSING = YES;
				GCC_OPTIMIZATION_LEVEL = 0;
				LIBRARY_SEARCH_PATHS = (
					"$(inherited)",
					/usr/local/ssl/lib,
					/usr/local/curl/lib,
				);
				PRODUCT_NAME = "$(TARGET_NAME)";
			};
			name = Debug;
		};
		DF53AB2A268098150087A86B /* Release */ = {
			isa = XCBuildConfiguration;
			buildSettings = {
				CODE_SIGN_STYLE = Automatic;
				DEPLOYMENT_POSTPROCESSING = YES;
				GCC_OPTIMIZATION_LEVEL = 0;
				LIBRARY_SEARCH_PATHS = (
					"$(inherited)",
					/usr/local/ssl/lib,
					/usr/local/curl/lib,
				);
				PRODUCT_NAME = "$(TARGET_NAME)";
			};
			name = Release;
		};
/* End XCBuildConfiguration section */

/* Begin XCConfigurationList section */
		DF53AB1C268098150087A86B /* Build configuration list for PBXProject "dumpHelper" */ = {
			isa = XCConfigurationList;
			buildConfigurations = (
				DF53AB26268098150087A86B /* Debug */,
				DF53AB27268098150087A86B /* Release */,
			);
			defaultConfigurationIsVisible = 0;
			defaultConfigurationName = Release;
		};
		DF53AB28268098150087A86B /* Build configuration list for PBXNativeTarget "dumpHelper" */ = {
			isa = XCConfigurationList;
			buildConfigurations = (
				DF53AB29268098150087A86B /* Debug */,
				DF53AB2A268098150087A86B /* Release */,
			);
			defaultConfigurationIsVisible = 0;
			defaultConfigurationName = Release;
		};
/* End XCConfigurationList section */
	};
	rootObject = DF53AB19268098150087A86B /* Project object */;
}
