<?xml version="1.0" encoding="utf-8"?>
<Project ToolsVersion="4.0" xmlns="http://schemas.microsoft.com/developer/msbuild/2003">
  <ItemGroup>
    <ClCompile Include="sender\guid_string.cc">
      <Filter>sender</Filter>
    </ClCompile>
    <ClCompile Include="sender\http_upload.cc">
      <Filter>sender</Filter>
    </ClCompile>
    <ClCompile Include="common\path_helper.cc">
      <Filter>common</Filter>
    </ClCompile>
    <ClCompile Include="common\getopt.cc">
      <Filter>common</Filter>
    </ClCompile>
    <ClCompile Include="dump_helper.cc" />
    <ClCompile Include="sender\sender_win.cc">
      <Filter>sender</Filter>
    </ClCompile>
    <ClCompile Include="common\singleton.cc">
      <Filter>common</Filter>
    </ClCompile>
    <ClCompile Include="walker\stackwalker.cc">
      <Filter>walker</Filter>
    </ClCompile>
    <ClCompile Include="walker\stackwalker_address_list.cc">
      <Filter>walker</Filter>
    </ClCompile>
    <ClCompile Include="walker\stackwalker_amd64.cc">
      <Filter>walker</Filter>
    </ClCompile>
    <ClCompile Include="walker\stackwalker_arm.cc">
      <Filter>walker</Filter>
    </ClCompile>
    <ClCompile Include="walker\stackwalker_arm64.cc">
      <Filter>walker</Filter>
    </ClCompile>
    <ClCompile Include="walker\stackwalker_x86.cc">
      <Filter>walker</Filter>
    </ClCompile>
    <ClCompile Include="common\cfi_frame_info.cc">
      <Filter>common</Filter>
    </ClCompile>
    <ClCompile Include="parser\basic_code_modules.cc">
      <Filter>parser</Filter>
    </ClCompile>
    <ClCompile Include="parser\call_stack.cc">
      <Filter>parser</Filter>
    </ClCompile>
    <ClCompile Include="parser\convert_old_arm64_context.cc">
      <Filter>parser</Filter>
    </ClCompile>
    <ClCompile Include="parser\dump_context.cc">
      <Filter>parser</Filter>
    </ClCompile>
    <ClCompile Include="parser\dump_object.cc">
      <Filter>parser</Filter>
    </ClCompile>
    <ClCompile Include="parser\minidump.cc">
      <Filter>parser</Filter>
    </ClCompile>
    <ClCompile Include="parser\minidump_processor.cc">
      <Filter>parser</Filter>
    </ClCompile>
    <ClCompile Include="parser\process_state.cc">
      <Filter>parser</Filter>
    </ClCompile>
    <ClCompile Include="parser\stack_frame_cpu.cc">
      <Filter>parser</Filter>
    </ClCompile>
    <ClCompile Include="parser\stackwalk_common.cc">
      <Filter>parser</Filter>
    </ClCompile>
    <ClCompile Include="parser\symbolic_constants_win.cc">
      <Filter>parser</Filter>
    </ClCompile>
    <ClCompile Include="json\json_helper.cc">
      <Filter>json</Filter>
    </ClCompile>
    <ClCompile Include="json\json_reader.cpp">
      <Filter>json</Filter>
    </ClCompile>
    <ClCompile Include="json\json_value.cpp">
      <Filter>json</Filter>
    </ClCompile>
    <ClCompile Include="json\json_writer.cpp">
      <Filter>json</Filter>
    </ClCompile>
  </ItemGroup>
  <ItemGroup>
    <ClInclude Include="sender\guid_string.h">
      <Filter>sender</Filter>
    </ClInclude>
    <ClInclude Include="sender\http_upload.h">
      <Filter>sender</Filter>
    </ClInclude>
    <ClInclude Include="sender\module_info.h">
      <Filter>sender</Filter>
    </ClInclude>
    <ClInclude Include="common\macros.h">
      <Filter>common</Filter>
    </ClInclude>
    <ClInclude Include="common\path_helper.h">
      <Filter>common</Filter>
    </ClInclude>
    <ClInclude Include="common\stdio_wrapper.h">
      <Filter>common</Filter>
    </ClInclude>
    <ClInclude Include="common\getopt.h">
      <Filter>common</Filter>
    </ClInclude>
    <ClInclude Include="common\md5.h">
      <Filter>common</Filter>
    </ClInclude>
    <ClInclude Include="common\minidump\breakpad_types.h">
      <Filter>common\minidump</Filter>
    </ClInclude>
    <ClInclude Include="common\minidump\minidump_cpu_amd64.h">
      <Filter>common\minidump</Filter>
    </ClInclude>
    <ClInclude Include="common\minidump\minidump_cpu_arm.h">
      <Filter>common\minidump</Filter>
    </ClInclude>
    <ClInclude Include="common\minidump\minidump_cpu_arm64.h">
      <Filter>common\minidump</Filter>
    </ClInclude>
    <ClInclude Include="common\minidump\minidump_cpu_x86.h">
      <Filter>common\minidump</Filter>
    </ClInclude>
    <ClInclude Include="common\minidump\minidump_exception_mac.h">
      <Filter>common\minidump</Filter>
    </ClInclude>
    <ClInclude Include="common\minidump\minidump_exception_win32.h">
      <Filter>common\minidump</Filter>
    </ClInclude>
    <ClInclude Include="common\minidump\minidump_format.h">
      <Filter>common\minidump</Filter>
    </ClInclude>
    <ClInclude Include="common\singleton.h">
      <Filter>common</Filter>
    </ClInclude>
    <ClInclude Include="sender\sender.h">
      <Filter>sender</Filter>
    </ClInclude>
    <ClInclude Include="common\range_map.h">
      <Filter>common</Filter>
    </ClInclude>
    <ClInclude Include="common\range_map-inl.h">
      <Filter>common</Filter>
    </ClInclude>
    <ClInclude Include="common\linked_ptr.h">
      <Filter>common</Filter>
    </ClInclude>
    <ClInclude Include="walker\stackwalker_address_list.h">
      <Filter>walker</Filter>
    </ClInclude>
    <ClInclude Include="walker\stackwalker_amd64.h">
      <Filter>walker</Filter>
    </ClInclude>
    <ClInclude Include="walker\stackwalker_arm.h">
      <Filter>walker</Filter>
    </ClInclude>
    <ClInclude Include="walker\stackwalker_arm64.h">
      <Filter>walker</Filter>
    </ClInclude>
    <ClInclude Include="walker\stackwalker_x86.h">
      <Filter>walker</Filter>
    </ClInclude>
    <ClInclude Include="common\cfi_frame_info.h">
      <Filter>common</Filter>
    </ClInclude>
    <ClInclude Include="common\cfi_frame_info-inl.h">
      <Filter>common</Filter>
    </ClInclude>
    <ClInclude Include="common\postfix_evaluator.h">
      <Filter>common</Filter>
    </ClInclude>
    <ClInclude Include="common\postfix_evaluator-inl.h">
      <Filter>common</Filter>
    </ClInclude>
    <ClInclude Include="parser\basic_code_module.h">
      <Filter>parser</Filter>
    </ClInclude>
    <ClInclude Include="parser\basic_code_modules.h">
      <Filter>parser</Filter>
    </ClInclude>
    <ClInclude Include="parser\convert_old_arm64_context.h">
      <Filter>parser</Filter>
    </ClInclude>
    <ClInclude Include="parser\stackwalk_common.h">
      <Filter>parser</Filter>
    </ClInclude>
    <ClInclude Include="parser\symbolic_constants_win.h">
      <Filter>parser</Filter>
    </ClInclude>
    <ClInclude Include="parser\process_result.h">
      <Filter>parser</Filter>
    </ClInclude>
    <ClInclude Include="parser\exception_record.h">
      <Filter>parser</Filter>
    </ClInclude>
    <ClInclude Include="walker\stackwalker.h">
      <Filter>walker</Filter>
    </ClInclude>
    <ClInclude Include="common\memory_region.h">
      <Filter>common</Filter>
    </ClInclude>
    <ClInclude Include="common\system_info.h">
      <Filter>common</Filter>
    </ClInclude>
    <ClInclude Include="json\allocator.h">
      <Filter>json</Filter>
    </ClInclude>
    <ClInclude Include="json\assertions.h">
      <Filter>json</Filter>
    </ClInclude>
    <ClInclude Include="json\config.h">
      <Filter>json</Filter>
    </ClInclude>
    <ClInclude Include="json\forwards.h">
      <Filter>json</Filter>
    </ClInclude>
    <ClInclude Include="json\json.h">
      <Filter>json</Filter>
    </ClInclude>
    <ClInclude Include="json\json_features.h">
      <Filter>json</Filter>
    </ClInclude>
    <ClInclude Include="json\json_helper.h">
      <Filter>json</Filter>
    </ClInclude>
    <ClInclude Include="json\json_tool.h">
      <Filter>json</Filter>
    </ClInclude>
    <ClInclude Include="json\reader.h">
      <Filter>json</Filter>
    </ClInclude>
    <ClInclude Include="json\value.h">
      <Filter>json</Filter>
    </ClInclude>
    <ClInclude Include="json\version.h">
      <Filter>json</Filter>
    </ClInclude>
    <ClInclude Include="json\writer.h">
      <Filter>json</Filter>
    </ClInclude>
  </ItemGroup>
  <ItemGroup>
    <Filter Include="common">
      <UniqueIdentifier>{85c118e0-dd64-4224-8b8b-93bed3b8a09f}</UniqueIdentifier>
    </Filter>
    <Filter Include="sender">
      <UniqueIdentifier>{ef7eb03c-ea62-4171-9ba3-8ee2a2590848}</UniqueIdentifier>
    </Filter>
    <Filter Include="common\minidump">
      <UniqueIdentifier>{6b0061bc-b975-48e4-a6fd-09b1ab54ed5f}</UniqueIdentifier>
    </Filter>
    <Filter Include="walker">
      <UniqueIdentifier>{4b6b51d8-8e8e-4d69-88cb-f80003a75e71}</UniqueIdentifier>
    </Filter>
    <Filter Include="parser">
      <UniqueIdentifier>{c454cee0-d58d-4621-95d1-29eff24b6bc5}</UniqueIdentifier>
    </Filter>
    <Filter Include="json">
      <UniqueIdentifier>{99ddcbed-bfc2-4244-9b47-459580008a84}</UniqueIdentifier>
    </Filter>
  </ItemGroup>
  <ItemGroup>
    <None Include="json\json_valueiterator.inl">
      <Filter>json</Filter>
    </None>
  </ItemGroup>
</Project>