<?xml version="1.0" encoding="utf-8"?>
<Project ToolsVersion="4.0" xmlns="http://schemas.microsoft.com/developer/msbuild/2003">
  <ItemGroup>
    <ClCompile Include="basic_code_modules.cc" />
    <ClCompile Include="call_stack.cc" />
    <ClCompile Include="cfi_frame_info.cc" />
    <ClCompile Include="convert_old_arm64_context.cc" />
    <ClCompile Include="dump_context.cc" />
    <ClCompile Include="minidump.cc" />
    <ClCompile Include="minidump_processor.cc" />
    <ClCompile Include="process_state.cc" />
    <ClCompile Include="stack_frame_cpu.cc" />
    <ClCompile Include="stackwalk_common.cc" />
    <ClCompile Include="symbolic_constants_win.cc" />
    <ClCompile Include="sender\guid_string.cc">
      <Filter>sender</Filter>
    </ClCompile>
    <ClCompile Include="sender\http_upload.cc">
      <Filter>sender</Filter>
    </ClCompile>
    <ClCompile Include="common\path_helper.cc">
      <Filter>common</Filter>
    </ClCompile>
    <ClCompile Include="common\getopt.cc">
      <Filter>common</Filter>
    </ClCompile>
    <ClCompile Include="dump_object.cc" />
    <ClCompile Include="dump_helper.cc" />
    <ClCompile Include="stackwalker\stackwalker.cc">
      <Filter>stackwalker</Filter>
    </ClCompile>
    <ClCompile Include="stackwalker\stackwalker_address_list.cc">
      <Filter>stackwalker</Filter>
    </ClCompile>
    <ClCompile Include="stackwalker\stackwalker_amd64.cc">
      <Filter>stackwalker</Filter>
    </ClCompile>
    <ClCompile Include="stackwalker\stackwalker_arm.cc">
      <Filter>stackwalker</Filter>
    </ClCompile>
    <ClCompile Include="stackwalker\stackwalker_arm64.cc">
      <Filter>stackwalker</Filter>
    </ClCompile>
    <ClCompile Include="stackwalker\stackwalker_x86.cc">
      <Filter>stackwalker</Filter>
    </ClCompile>
    <ClCompile Include="sender\sender_win.cc">
      <Filter>sender</Filter>
    </ClCompile>
  </ItemGroup>
  <ItemGroup>
    <ClInclude Include="basic_code_module.h" />
    <ClInclude Include="basic_code_modules.h" />
    <ClInclude Include="address_map-inl.h" />
    <ClInclude Include="address_map.h" />
    <ClInclude Include="cfi_frame_info-inl.h" />
    <ClInclude Include="cfi_frame_info.h" />
    <ClInclude Include="convert_old_arm64_context.h" />
    <ClInclude Include="linked_ptr.h" />
    <ClInclude Include="postfix_evaluator-inl.h" />
    <ClInclude Include="postfix_evaluator.h" />
    <ClInclude Include="range_map-inl.h" />
    <ClInclude Include="range_map.h" />
    <ClInclude Include="stackwalk_common.h" />
    <ClInclude Include="symbolic_constants_win.h" />
    <ClInclude Include="sender\guid_string.h">
      <Filter>sender</Filter>
    </ClInclude>
    <ClInclude Include="sender\http_upload.h">
      <Filter>sender</Filter>
    </ClInclude>
    <ClInclude Include="sender\module_info.h">
      <Filter>sender</Filter>
    </ClInclude>
    <ClInclude Include="common\macros.h">
      <Filter>common</Filter>
    </ClInclude>
    <ClInclude Include="common\path_helper.h">
      <Filter>common</Filter>
    </ClInclude>
    <ClInclude Include="common\stdio_wrapper.h">
      <Filter>common</Filter>
    </ClInclude>
    <ClInclude Include="common\getopt.h">
      <Filter>common</Filter>
    </ClInclude>
    <ClInclude Include="common\md5.h">
      <Filter>common</Filter>
    </ClInclude>
    <ClInclude Include="stackwalker\stackwalker_address_list.h">
      <Filter>stackwalker</Filter>
    </ClInclude>
    <ClInclude Include="stackwalker\stackwalker_amd64.h">
      <Filter>stackwalker</Filter>
    </ClInclude>
    <ClInclude Include="stackwalker\stackwalker_arm.h">
      <Filter>stackwalker</Filter>
    </ClInclude>
    <ClInclude Include="stackwalker\stackwalker_arm64.h">
      <Filter>stackwalker</Filter>
    </ClInclude>
    <ClInclude Include="stackwalker\stackwalker_x86.h">
      <Filter>stackwalker</Filter>
    </ClInclude>
    <ClInclude Include="common\minidump\breakpad_types.h">
      <Filter>common\minidump</Filter>
    </ClInclude>
    <ClInclude Include="common\minidump\minidump_cpu_amd64.h">
      <Filter>common\minidump</Filter>
    </ClInclude>
    <ClInclude Include="common\minidump\minidump_cpu_arm.h">
      <Filter>common\minidump</Filter>
    </ClInclude>
    <ClInclude Include="common\minidump\minidump_cpu_arm64.h">
      <Filter>common\minidump</Filter>
    </ClInclude>
    <ClInclude Include="common\minidump\minidump_cpu_x86.h">
      <Filter>common\minidump</Filter>
    </ClInclude>
    <ClInclude Include="common\minidump\minidump_exception_mac.h">
      <Filter>common\minidump</Filter>
    </ClInclude>
    <ClInclude Include="common\minidump\minidump_exception_win32.h">
      <Filter>common\minidump</Filter>
    </ClInclude>
    <ClInclude Include="common\minidump\minidump_format.h">
      <Filter>common\minidump</Filter>
    </ClInclude>
    <ClInclude Include="common\minidump\minidump_size.h">
      <Filter>common\minidump</Filter>
    </ClInclude>
    <ClInclude Include="common\processor\call_stack.h">
      <Filter>common\processor</Filter>
    </ClInclude>
    <ClInclude Include="common\processor\code_module.h">
      <Filter>common\processor</Filter>
    </ClInclude>
    <ClInclude Include="common\processor\code_modules.h">
      <Filter>common\processor</Filter>
    </ClInclude>
    <ClInclude Include="common\processor\dump_context.h">
      <Filter>common\processor</Filter>
    </ClInclude>
    <ClInclude Include="common\processor\dump_object.h">
      <Filter>common\processor</Filter>
    </ClInclude>
    <ClInclude Include="common\processor\exception_record.h">
      <Filter>common\processor</Filter>
    </ClInclude>
    <ClInclude Include="common\processor\fast_source_line_resolver.h">
      <Filter>common\processor</Filter>
    </ClInclude>
    <ClInclude Include="common\processor\memory_region.h">
      <Filter>common\processor</Filter>
    </ClInclude>
    <ClInclude Include="common\processor\minidump.h">
      <Filter>common\processor</Filter>
    </ClInclude>
    <ClInclude Include="common\processor\minidump_processor.h">
      <Filter>common\processor</Filter>
    </ClInclude>
    <ClInclude Include="common\processor\process_result.h">
      <Filter>common\processor</Filter>
    </ClInclude>
    <ClInclude Include="common\processor\process_state.h">
      <Filter>common\processor</Filter>
    </ClInclude>
    <ClInclude Include="common\processor\stack_frame.h">
      <Filter>common\processor</Filter>
    </ClInclude>
    <ClInclude Include="common\processor\stack_frame_cpu.h">
      <Filter>common\processor</Filter>
    </ClInclude>
    <ClInclude Include="common\processor\stackwalker.h">
      <Filter>common\processor</Filter>
    </ClInclude>
    <ClInclude Include="common\processor\system_info.h">
      <Filter>common\processor</Filter>
    </ClInclude>
    <ClInclude Include="sender\sender_win.h">
      <Filter>sender</Filter>
    </ClInclude>
  </ItemGroup>
  <ItemGroup>
    <Filter Include="common">
      <UniqueIdentifier>{85c118e0-dd64-4224-8b8b-93bed3b8a09f}</UniqueIdentifier>
    </Filter>
    <Filter Include="sender">
      <UniqueIdentifier>{ef7eb03c-ea62-4171-9ba3-8ee2a2590848}</UniqueIdentifier>
    </Filter>
    <Filter Include="stackwalker">
      <UniqueIdentifier>{4b6b51d8-8e8e-4d69-88cb-f80003a75e71}</UniqueIdentifier>
    </Filter>
    <Filter Include="common\minidump">
      <UniqueIdentifier>{6b0061bc-b975-48e4-a6fd-09b1ab54ed5f}</UniqueIdentifier>
    </Filter>
    <Filter Include="common\processor">
      <UniqueIdentifier>{975ba943-10c1-45d3-95ba-0d5849e210a5}</UniqueIdentifier>
    </Filter>
  </ItemGroup>
</Project>